// !$*UTF8*$!
{
	archiveVersion = 1;
	classes = {
	};
	objectVersion = 48;
	objects = {

/* Begin PBXBuildFile section */
		288B54E620B9723A5A118ECE /* libPods-PointsForShop.a in Frameworks */ = {isa = PBXBuildFile; fileRef = 704646A00B4617E58855A948 /* libPods-PointsForShop.a */; };
		E20267831FBFDEFF00970DEE /* TTDistrictPickerView.m in Sources */ = {isa = PBXBuildFile; fileRef = E20267811FBFDEFF00970DEE /* TTDistrictPickerView.m */; };
		E20267861FBFDF0C00970DEE /* TTDistrictObj.m in Sources */ = {isa = PBXBuildFile; fileRef = E20267851FBFDF0B00970DEE /* TTDistrictObj.m */; };
		E22E3B8A1FD4ECDE00ACA38A /* RechargeHistoryTableViewCell.m in Sources */ = {isa = PBXBuildFile; fileRef = E22E3B881FD4ECDE00ACA38A /* RechargeHistoryTableViewCell.m */; };
		E22E3B8B1FD4ECDE00ACA38A /* RechargeHistoryTableViewCell.xib in Resources */ = {isa = PBXBuildFile; fileRef = E22E3B891FD4ECDE00ACA38A /* RechargeHistoryTableViewCell.xib */; };
		E235D27C1FD8C86B000BFF76 /* OrderListViewController.m in Sources */ = {isa = PBXBuildFile; fileRef = E235D27A1FD8C86B000BFF76 /* OrderListViewController.m */; };
		E235D27D1FD8C86B000BFF76 /* OrderListViewController.xib in Resources */ = {isa = PBXBuildFile; fileRef = E235D27B1FD8C86B000BFF76 /* OrderListViewController.xib */; };
		E235D2801FD8C9CF000BFF76 /* TTOrderObj.m in Sources */ = {isa = PBXBuildFile; fileRef = E235D27F1FD8C9CF000BFF76 /* TTOrderObj.m */; };
		E235D2841FD8CA02000BFF76 /* OrderTableViewCell.m in Sources */ = {isa = PBXBuildFile; fileRef = E235D2821FD8CA02000BFF76 /* OrderTableViewCell.m */; };
		E235D2851FD8CA02000BFF76 /* OrderTableViewCell.xib in Resources */ = {isa = PBXBuildFile; fileRef = E235D2831FD8CA02000BFF76 /* OrderTableViewCell.xib */; };
		E235EFFE1FD69C96006EEADB /* AgreementViewController.m in Sources */ = {isa = PBXBuildFile; fileRef = E235EFFC1FD69C96006EEADB /* AgreementViewController.m */; };
		E235EFFF1FD69C97006EEADB /* AgreementViewController.xib in Resources */ = {isa = PBXBuildFile; fileRef = E235EFFD1FD69C96006EEADB /* AgreementViewController.xib */; };
		E23952871FC4083700502FCC /* TTShopInfoObj.m in Sources */ = {isa = PBXBuildFile; fileRef = E23952861FC4083700502FCC /* TTShopInfoObj.m */; };
		E239528F1FC4150600502FCC /* ResignKeyboardView.m in Sources */ = {isa = PBXBuildFile; fileRef = E239528E1FC4150600502FCC /* ResignKeyboardView.m */; };
		E25956C71FBD64530012E624 /* TTNormalPickerView.m in Sources */ = {isa = PBXBuildFile; fileRef = E25956C51FBD64530012E624 /* TTNormalPickerView.m */; };
		E25956CD1FBD64BD0012E624 /* TTNormalPickerItem.m in Sources */ = {isa = PBXBuildFile; fileRef = E25956CC1FBD64BD0012E624 /* TTNormalPickerItem.m */; };
		E26A28571FCD2D6C003CEC32 /* CoreImage.framework in Frameworks */ = {isa = PBXBuildFile; fileRef = E26A28561FCD2D6C003CEC32 /* CoreImage.framework */; };
		E2851E411FD13AF800494291 /* libc++.tbd in Frameworks */ = {isa = PBXBuildFile; fileRef = E2851E401FD13AF800494291 /* libc++.tbd */; };
		E2851E431FD13AFF00494291 /* libz.tbd in Frameworks */ = {isa = PBXBuildFile; fileRef = E2851E421FD13AFF00494291 /* libz.tbd */; };
		E2851E451FD13B0500494291 /* SystemConfiguration.framework in Frameworks */ = {isa = PBXBuildFile; fileRef = E2851E441FD13B0500494291 /* SystemConfiguration.framework */; };
		E2851E471FD13B0C00494291 /* CoreTelephony.framework in Frameworks */ = {isa = PBXBuildFile; fileRef = E2851E461FD13B0C00494291 /* CoreTelephony.framework */; };
		E2851E491FD13B1700494291 /* QuartzCore.framework in Frameworks */ = {isa = PBXBuildFile; fileRef = E2851E481FD13B1700494291 /* QuartzCore.framework */; };
		E2851E4B1FD13B1E00494291 /* CoreText.framework in Frameworks */ = {isa = PBXBuildFile; fileRef = E2851E4A1FD13B1E00494291 /* CoreText.framework */; };
		E2851E4D1FD13B2800494291 /* CoreGraphics.framework in Frameworks */ = {isa = PBXBuildFile; fileRef = E2851E4C1FD13B2800494291 /* CoreGraphics.framework */; };
		E2851E4F1FD13B2F00494291 /* UIKit.framework in Frameworks */ = {isa = PBXBuildFile; fileRef = E2851E4E1FD13B2F00494291 /* UIKit.framework */; };
		E2851E511FD13B3500494291 /* Foundation.framework in Frameworks */ = {isa = PBXBuildFile; fileRef = E2851E501FD13B3500494291 /* Foundation.framework */; };
		E2851E531FD13B3D00494291 /* CoreMotion.framework in Frameworks */ = {isa = PBXBuildFile; fileRef = E2851E521FD13B3D00494291 /* CoreMotion.framework */; };
		E2851E551FD13B4600494291 /* CFNetwork.framework in Frameworks */ = {isa = PBXBuildFile; fileRef = E2851E541FD13B4600494291 /* CFNetwork.framework */; };
		E2851E561FD13B7C00494291 /* AlipaySDK.framework in Frameworks */ = {isa = PBXBuildFile; fileRef = E2851E3D1FD13ADF00494291 /* AlipaySDK.framework */; };
		E287207B1FC5155D0001AD67 /* TTPointsHistoryObj.m in Sources */ = {isa = PBXBuildFile; fileRef = E28720791FC5155D0001AD67 /* TTPointsHistoryObj.m */; };
		E287207F1FC516BB0001AD67 /* TTNullDataTableViewCell.m in Sources */ = {isa = PBXBuildFile; fileRef = E287207E1FC516BA0001AD67 /* TTNullDataTableViewCell.m */; };
		E28720801FC51E0D0001AD67 /* TTNullDataTableViewCell.xib in Resources */ = {isa = PBXBuildFile; fileRef = E287207C1FC516BA0001AD67 /* TTNullDataTableViewCell.xib */; };
		E2A2AD881FB9316C00C0C098 /* AppDelegate.m in Sources */ = {isa = PBXBuildFile; fileRef = E2A2AD871FB9316C00C0C098 /* AppDelegate.m */; };
		E2A2AD901FB9316C00C0C098 /* Assets.xcassets in Resources */ = {isa = PBXBuildFile; fileRef = E2A2AD8F1FB9316C00C0C098 /* Assets.xcassets */; };
		E2A2AD931FB9316C00C0C098 /* LaunchScreen.storyboard in Resources */ = {isa = PBXBuildFile; fileRef = E2A2AD911FB9316C00C0C098 /* LaunchScreen.storyboard */; };
		E2A2AD961FB9316C00C0C098 /* main.m in Sources */ = {isa = PBXBuildFile; fileRef = E2A2AD951FB9316C00C0C098 /* main.m */; };
		E2A2AEB51FB9340100C0C098 /* TTLocationManager.m in Sources */ = {isa = PBXBuildFile; fileRef = E2A2ADCC1FB932EC00C0C098 /* TTLocationManager.m */; };
		E2A2AEB61FB9340100C0C098 /* TTRequestOperationManager.m in Sources */ = {isa = PBXBuildFile; fileRef = E2A2ADCE1FB932EC00C0C098 /* TTRequestOperationManager.m */; };
		E2A2AEB71FB9340100C0C098 /* TTUserInfoManager.m in Sources */ = {isa = PBXBuildFile; fileRef = E2A2ADD01FB932EC00C0C098 /* TTUserInfoManager.m */; };
		E2A2AEB81FB9340100C0C098 /* NSDate+MyDate.m in Sources */ = {isa = PBXBuildFile; fileRef = E2A2AE581FB932EE00C0C098 /* NSDate+MyDate.m */; };
		E2A2AEB91FB9340100C0C098 /* NSString+MyCustomString.m in Sources */ = {isa = PBXBuildFile; fileRef = E2A2AE5A1FB932EE00C0C098 /* NSString+MyCustomString.m */; };
		E2A2AEBA1FB9340100C0C098 /* UIBarButtonItem+TTStyle.m in Sources */ = {isa = PBXBuildFile; fileRef = E2A2AE5C1FB932EE00C0C098 /* UIBarButtonItem+TTStyle.m */; };
		E2A2AEBB1FB9340100C0C098 /* UIColor+MyColor.m in Sources */ = {isa = PBXBuildFile; fileRef = E2A2AE5E1FB932EE00C0C098 /* UIColor+MyColor.m */; };
		E2A2AEBC1FB9340100C0C098 /* UIImage+MyCustomImage.m in Sources */ = {isa = PBXBuildFile; fileRef = E2A2AE601FB932EE00C0C098 /* UIImage+MyCustomImage.m */; };
		E2A2AEBD1FB9340100C0C098 /* UIViewController+MyViewController.m in Sources */ = {isa = PBXBuildFile; fileRef = E2A2AE621FB932EE00C0C098 /* UIViewController+MyViewController.m */; };
		E2A2AEBE1FB9340100C0C098 /* ImageBrowserVC.m in Sources */ = {isa = PBXBuildFile; fileRef = E2A2ADD51FB932ED00C0C098 /* ImageBrowserVC.m */; };
		E2A2AEC01FB9340100C0C098 /* TTBaseNavigationViewController.m in Sources */ = {isa = PBXBuildFile; fileRef = E2A2ADD91FB932ED00C0C098 /* TTBaseNavigationViewController.m */; };
		E2A2AEC11FB9340100C0C098 /* TTBaseViewController.m in Sources */ = {isa = PBXBuildFile; fileRef = E2A2ADDB1FB932ED00C0C098 /* TTBaseViewController.m */; };
		E2A2AED11FB9340100C0C098 /* GuideViewController.m in Sources */ = {isa = PBXBuildFile; fileRef = E2A2AE0F1FB932ED00C0C098 /* GuideViewController.m */; };
		E2A2AEF71FB9340100C0C098 /* TTObject.m in Sources */ = {isa = PBXBuildFile; fileRef = E2A2ADBB1FB932EC00C0C098 /* TTObject.m */; };
		E2A2AF1F1FB9371E00C0C098 /* MainMenuViewController.m in Sources */ = {isa = PBXBuildFile; fileRef = E2A2AF1D1FB9371E00C0C098 /* MainMenuViewController.m */; };
		E2A2AF201FB9371E00C0C098 /* MainMenuViewController.xib in Resources */ = {isa = PBXBuildFile; fileRef = E2A2AF1E1FB9371E00C0C098 /* MainMenuViewController.xib */; };
		E2B80E221FD8CD4A000129AB /* PointsDesViewController.m in Sources */ = {isa = PBXBuildFile; fileRef = E2B80E201FD8CD4A000129AB /* PointsDesViewController.m */; };
		E2B80E231FD8CD4A000129AB /* PointsDesViewController.xib in Resources */ = {isa = PBXBuildFile; fileRef = E2B80E211FD8CD4A000129AB /* PointsDesViewController.xib */; };
		E2D80B971FD6385D0002C9AF /* DealViewController.xib in Resources */ = {isa = PBXBuildFile; fileRef = E2D80B681FD638190002C9AF /* DealViewController.xib */; };
		E2D80B9A1FD6385D0002C9AF /* QRCodeImageShowViewController.xib in Resources */ = {isa = PBXBuildFile; fileRef = E2D80B711FD638190002C9AF /* QRCodeImageShowViewController.xib */; };
		E2D80B9B1FD6385D0002C9AF /* RechargeHistoryViewController.xib in Resources */ = {isa = PBXBuildFile; fileRef = E2D80B741FD638190002C9AF /* RechargeHistoryViewController.xib */; };
		E2D80B9C1FD6385D0002C9AF /* RechargeViewController.xib in Resources */ = {isa = PBXBuildFile; fileRef = E2D80B771FD638190002C9AF /* RechargeViewController.xib */; };
		E2D80B9D1FD6385D0002C9AF /* TakeCashDesViewController.xib in Resources */ = {isa = PBXBuildFile; fileRef = E2D80B7A1FD638190002C9AF /* TakeCashDesViewController.xib */; };
		E2D80B9E1FD6385D0002C9AF /* TakeCashHistoryViewController.xib in Resources */ = {isa = PBXBuildFile; fileRef = E2D80B7D1FD638190002C9AF /* TakeCashHistoryViewController.xib */; };
		E2D80B9F1FD6385D0002C9AF /* TakeCashViewController.xib in Resources */ = {isa = PBXBuildFile; fileRef = E2D80B801FD638190002C9AF /* TakeCashViewController.xib */; };
		E2D80BA01FD6385D0002C9AF /* ShopInfoBaseViewController.xib in Resources */ = {isa = PBXBuildFile; fileRef = E2D80B581FD638190002C9AF /* ShopInfoBaseViewController.xib */; };
		E2D80BA11FD6385D0002C9AF /* ShopInfoMoreViewController.xib in Resources */ = {isa = PBXBuildFile; fileRef = E2D80B5B1FD638190002C9AF /* ShopInfoMoreViewController.xib */; };
		E2D80BA21FD6385D0002C9AF /* ShopInfoShenHeViewController.xib in Resources */ = {isa = PBXBuildFile; fileRef = E2D80B5E1FD638190002C9AF /* ShopInfoShenHeViewController.xib */; };
		E2D80BA31FD6385D0002C9AF /* ShopInfoViewController.xib in Resources */ = {isa = PBXBuildFile; fileRef = E2D80B611FD638190002C9AF /* ShopInfoViewController.xib */; };
		E2D80BA41FD6385D0002C9AF /* ShopStatusViewController.xib in Resources */ = {isa = PBXBuildFile; fileRef = E2D80B641FD638190002C9AF /* ShopStatusViewController.xib */; };
		E2D80BA51FD6385D0002C9AF /* FndPassWordViewController.xib in Resources */ = {isa = PBXBuildFile; fileRef = E2D80B841FD638190002C9AF /* FndPassWordViewController.xib */; };
		E2D80BA61FD6385D0002C9AF /* LoginViewController.xib in Resources */ = {isa = PBXBuildFile; fileRef = E2D80B871FD638190002C9AF /* LoginViewController.xib */; };
		E2D80BA71FD6385D0002C9AF /* RegistViewController.xib in Resources */ = {isa = PBXBuildFile; fileRef = E2D80B8A1FD638190002C9AF /* RegistViewController.xib */; };
		E2D80BA81FD6385D0002C9AF /* SetLoginPasswordViewController.xib in Resources */ = {isa = PBXBuildFile; fileRef = E2D80B8D1FD638190002C9AF /* SetLoginPasswordViewController.xib */; };
		E2D80BA91FD6385D0002C9AF /* SetPayPasswordViewController.xib in Resources */ = {isa = PBXBuildFile; fileRef = E2D80B901FD638190002C9AF /* SetPayPasswordViewController.xib */; };
		E2D80BAA1FD6385D0002C9AF /* SetTakeCashAccountViewController.xib in Resources */ = {isa = PBXBuildFile; fileRef = E2D80B931FD638190002C9AF /* SetTakeCashAccountViewController.xib */; };
		E2D80BAB1FD6385D0002C9AF /* SettingViewController.xib in Resources */ = {isa = PBXBuildFile; fileRef = E2D80B961FD638190002C9AF /* SettingViewController.xib */; };
		E2D80BAC1FD638C50002C9AF /* DealViewController.m in Sources */ = {isa = PBXBuildFile; fileRef = E2D80B671FD638190002C9AF /* DealViewController.m */; };
		E2D80BAF1FD638C50002C9AF /* QRCodeImageShowViewController.m in Sources */ = {isa = PBXBuildFile; fileRef = E2D80B701FD638190002C9AF /* QRCodeImageShowViewController.m */; };
		E2D80BB01FD638C50002C9AF /* RechargeHistoryViewController.m in Sources */ = {isa = PBXBuildFile; fileRef = E2D80B731FD638190002C9AF /* RechargeHistoryViewController.m */; };
		E2D80BB11FD638C50002C9AF /* RechargeViewController.m in Sources */ = {isa = PBXBuildFile; fileRef = E2D80B761FD638190002C9AF /* RechargeViewController.m */; };
		E2D80BB21FD638C50002C9AF /* TakeCashDesViewController.m in Sources */ = {isa = PBXBuildFile; fileRef = E2D80B791FD638190002C9AF /* TakeCashDesViewController.m */; };
		E2D80BB31FD638C50002C9AF /* TakeCashHistoryViewController.m in Sources */ = {isa = PBXBuildFile; fileRef = E2D80B7C1FD638190002C9AF /* TakeCashHistoryViewController.m */; };
		E2D80BB41FD638C50002C9AF /* TakeCashViewController.m in Sources */ = {isa = PBXBuildFile; fileRef = E2D80B7F1FD638190002C9AF /* TakeCashViewController.m */; };
		E2D80BB51FD638C50002C9AF /* ShopInfoBaseViewController.m in Sources */ = {isa = PBXBuildFile; fileRef = E2D80B571FD638190002C9AF /* ShopInfoBaseViewController.m */; };
		E2D80BB61FD638C50002C9AF /* ShopInfoMoreViewController.m in Sources */ = {isa = PBXBuildFile; fileRef = E2D80B5A1FD638190002C9AF /* ShopInfoMoreViewController.m */; };
		E2D80BB71FD638C50002C9AF /* ShopInfoShenHeViewController.m in Sources */ = {isa = PBXBuildFile; fileRef = E2D80B5D1FD638190002C9AF /* ShopInfoShenHeViewController.m */; };
		E2D80BB81FD638C50002C9AF /* ShopInfoViewController.m in Sources */ = {isa = PBXBuildFile; fileRef = E2D80B601FD638190002C9AF /* ShopInfoViewController.m */; };
		E2D80BB91FD638C50002C9AF /* ShopStatusViewController.m in Sources */ = {isa = PBXBuildFile; fileRef = E2D80B631FD638190002C9AF /* ShopStatusViewController.m */; };
		E2D80BBA1FD638C50002C9AF /* FndPassWordViewController.m in Sources */ = {isa = PBXBuildFile; fileRef = E2D80B831FD638190002C9AF /* FndPassWordViewController.m */; };
		E2D80BBB1FD638C50002C9AF /* LoginViewController.m in Sources */ = {isa = PBXBuildFile; fileRef = E2D80B861FD638190002C9AF /* LoginViewController.m */; };
		E2D80BBC1FD638C50002C9AF /* RegistViewController.m in Sources */ = {isa = PBXBuildFile; fileRef = E2D80B891FD638190002C9AF /* RegistViewController.m */; };
		E2D80BBD1FD638C50002C9AF /* SetLoginPasswordViewController.m in Sources */ = {isa = PBXBuildFile; fileRef = E2D80B8C1FD638190002C9AF /* SetLoginPasswordViewController.m */; };
		E2D80BBE1FD638C50002C9AF /* SetPayPasswordViewController.m in Sources */ = {isa = PBXBuildFile; fileRef = E2D80B8F1FD638190002C9AF /* SetPayPasswordViewController.m */; };
		E2D80BBF1FD638C50002C9AF /* SetTakeCashAccountViewController.m in Sources */ = {isa = PBXBuildFile; fileRef = E2D80B921FD638190002C9AF /* SetTakeCashAccountViewController.m */; };
		E2D80BC01FD638C60002C9AF /* SettingViewController.m in Sources */ = {isa = PBXBuildFile; fileRef = E2D80B951FD638190002C9AF /* SettingViewController.m */; };
		E2D8D52B1FD92DD3006246FA /* FeedBackViewController.m in Sources */ = {isa = PBXBuildFile; fileRef = E2D8D5291FD92DD3006246FA /* FeedBackViewController.m */; };
		E2D8D52C1FD92DD3006246FA /* FeedBackViewController.xib in Resources */ = {isa = PBXBuildFile; fileRef = E2D8D52A1FD92DD3006246FA /* FeedBackViewController.xib */; };
		E2D8D52F1FD93268006246FA /* TTFAQObj.m in Sources */ = {isa = PBXBuildFile; fileRef = E2D8D52E1FD93268006246FA /* TTFAQObj.m */; };
		E2D8D5331FD93301006246FA /* FAQIssueTableViewCell.m in Sources */ = {isa = PBXBuildFile; fileRef = E2D8D5311FD93301006246FA /* FAQIssueTableViewCell.m */; };
		E2D8D5341FD93301006246FA /* FAQIssueTableViewCell.xib in Resources */ = {isa = PBXBuildFile; fileRef = E2D8D5321FD93301006246FA /* FAQIssueTableViewCell.xib */; };
		E2D8D5381FD93413006246FA /* FAQAnswerTableViewCell.m in Sources */ = {isa = PBXBuildFile; fileRef = E2D8D5361FD93413006246FA /* FAQAnswerTableViewCell.m */; };
		E2D8D5391FD93413006246FA /* FAQAnswerTableViewCell.xib in Resources */ = {isa = PBXBuildFile; fileRef = E2D8D5371FD93413006246FA /* FAQAnswerTableViewCell.xib */; };
		E2D8D53D1FD93497006246FA /* FAQViewController.m in Sources */ = {isa = PBXBuildFile; fileRef = E2D8D53B1FD93497006246FA /* FAQViewController.m */; };
		E2D8D53E1FD93497006246FA /* FAQViewController.xib in Resources */ = {isa = PBXBuildFile; fileRef = E2D8D53C1FD93497006246FA /* FAQViewController.xib */; };
		E2E9E3301FB970EE00246122 /* UserHeaderCollectionReusableView.m in Sources */ = {isa = PBXBuildFile; fileRef = E2E9E32E1FB970EE00246122 /* UserHeaderCollectionReusableView.m */; };
		E2E9E3311FB970EE00246122 /* UserHeaderCollectionReusableView.xib in Resources */ = {isa = PBXBuildFile; fileRef = E2E9E32F1FB970EE00246122 /* UserHeaderCollectionReusableView.xib */; };
		E2E9E3351FB9726100246122 /* UserCenterCollectionViewCell.m in Sources */ = {isa = PBXBuildFile; fileRef = E2E9E3331FB9726100246122 /* UserCenterCollectionViewCell.m */; };
		E2E9E3361FB9726100246122 /* UserCenterCollectionViewCell.xib in Resources */ = {isa = PBXBuildFile; fileRef = E2E9E3341FB9726100246122 /* UserCenterCollectionViewCell.xib */; };
/* End PBXBuildFile section */

/* Begin PBXFileReference section */
		053E69FA4ED3712E0BDE2C1D /* Pods-PointsForShop.release.xcconfig */ = {isa = PBXFileReference; includeInIndex = 1; lastKnownFileType = text.xcconfig; name = "Pods-PointsForShop.release.xcconfig"; path = "Pods/Target Support Files/Pods-PointsForShop/Pods-PointsForShop.release.xcconfig"; sourceTree = "<group>"; };
		704646A00B4617E58855A948 /* libPods-PointsForShop.a */ = {isa = PBXFileReference; explicitFileType = archive.ar; includeInIndex = 0; path = "libPods-PointsForShop.a"; sourceTree = BUILT_PRODUCTS_DIR; };
		E20267811FBFDEFF00970DEE /* TTDistrictPickerView.m */ = {isa = PBXFileReference; lastKnownFileType = sourcecode.c.objc; path = TTDistrictPickerView.m; sourceTree = "<group>"; };
		E20267821FBFDEFF00970DEE /* TTDistrictPickerView.h */ = {isa = PBXFileReference; lastKnownFileType = sourcecode.c.h; path = TTDistrictPickerView.h; sourceTree = "<group>"; };
		E20267841FBFDF0B00970DEE /* TTDistrictObj.h */ = {isa = PBXFileReference; lastKnownFileType = sourcecode.c.h; path = TTDistrictObj.h; sourceTree = "<group>"; };
		E20267851FBFDF0B00970DEE /* TTDistrictObj.m */ = {isa = PBXFileReference; lastKnownFileType = sourcecode.c.objc; path = TTDistrictObj.m; sourceTree = "<group>"; };
		E22E3B871FD4ECDE00ACA38A /* RechargeHistoryTableViewCell.h */ = {isa = PBXFileReference; lastKnownFileType = sourcecode.c.h; path = RechargeHistoryTableViewCell.h; sourceTree = "<group>"; };
		E22E3B881FD4ECDE00ACA38A /* RechargeHistoryTableViewCell.m */ = {isa = PBXFileReference; lastKnownFileType = sourcecode.c.objc; path = RechargeHistoryTableViewCell.m; sourceTree = "<group>"; };
		E22E3B891FD4ECDE00ACA38A /* RechargeHistoryTableViewCell.xib */ = {isa = PBXFileReference; lastKnownFileType = file.xib; path = RechargeHistoryTableViewCell.xib; sourceTree = "<group>"; };
		E235D2791FD8C86B000BFF76 /* OrderListViewController.h */ = {isa = PBXFileReference; lastKnownFileType = sourcecode.c.h; path = OrderListViewController.h; sourceTree = "<group>"; };
		E235D27A1FD8C86B000BFF76 /* OrderListViewController.m */ = {isa = PBXFileReference; lastKnownFileType = sourcecode.c.objc; path = OrderListViewController.m; sourceTree = "<group>"; };
		E235D27B1FD8C86B000BFF76 /* OrderListViewController.xib */ = {isa = PBXFileReference; lastKnownFileType = file.xib; path = OrderListViewController.xib; sourceTree = "<group>"; };
		E235D27E1FD8C9CF000BFF76 /* TTOrderObj.h */ = {isa = PBXFileReference; lastKnownFileType = sourcecode.c.h; path = TTOrderObj.h; sourceTree = "<group>"; };
		E235D27F1FD8C9CF000BFF76 /* TTOrderObj.m */ = {isa = PBXFileReference; lastKnownFileType = sourcecode.c.objc; path = TTOrderObj.m; sourceTree = "<group>"; };
		E235D2811FD8CA02000BFF76 /* OrderTableViewCell.h */ = {isa = PBXFileReference; lastKnownFileType = sourcecode.c.h; path = OrderTableViewCell.h; sourceTree = "<group>"; };
		E235D2821FD8CA02000BFF76 /* OrderTableViewCell.m */ = {isa = PBXFileReference; lastKnownFileType = sourcecode.c.objc; path = OrderTableViewCell.m; sourceTree = "<group>"; };
		E235D2831FD8CA02000BFF76 /* OrderTableViewCell.xib */ = {isa = PBXFileReference; lastKnownFileType = file.xib; path = OrderTableViewCell.xib; sourceTree = "<group>"; };
		E235EFFB1FD69C96006EEADB /* AgreementViewController.h */ = {isa = PBXFileReference; lastKnownFileType = sourcecode.c.h; path = AgreementViewController.h; sourceTree = "<group>"; };
		E235EFFC1FD69C96006EEADB /* AgreementViewController.m */ = {isa = PBXFileReference; lastKnownFileType = sourcecode.c.objc; path = AgreementViewController.m; sourceTree = "<group>"; };
		E235EFFD1FD69C96006EEADB /* AgreementViewController.xib */ = {isa = PBXFileReference; lastKnownFileType = file.xib; path = AgreementViewController.xib; sourceTree = "<group>"; };
		E23952851FC4083700502FCC /* TTShopInfoObj.h */ = {isa = PBXFileReference; lastKnownFileType = sourcecode.c.h; path = TTShopInfoObj.h; sourceTree = "<group>"; };
		E23952861FC4083700502FCC /* TTShopInfoObj.m */ = {isa = PBXFileReference; lastKnownFileType = sourcecode.c.objc; path = TTShopInfoObj.m; sourceTree = "<group>"; };
		E239528D1FC4150600502FCC /* ResignKeyboardView.h */ = {isa = PBXFileReference; lastKnownFileType = sourcecode.c.h; path = ResignKeyboardView.h; sourceTree = "<group>"; };
		E239528E1FC4150600502FCC /* ResignKeyboardView.m */ = {isa = PBXFileReference; lastKnownFileType = sourcecode.c.objc; path = ResignKeyboardView.m; sourceTree = "<group>"; };
		E25956C51FBD64530012E624 /* TTNormalPickerView.m */ = {isa = PBXFileReference; lastKnownFileType = sourcecode.c.objc; path = TTNormalPickerView.m; sourceTree = "<group>"; };
		E25956C61FBD64530012E624 /* TTNormalPickerView.h */ = {isa = PBXFileReference; lastKnownFileType = sourcecode.c.h; path = TTNormalPickerView.h; sourceTree = "<group>"; };
		E25956CB1FBD64BD0012E624 /* TTNormalPickerItem.h */ = {isa = PBXFileReference; lastKnownFileType = sourcecode.c.h; path = TTNormalPickerItem.h; sourceTree = "<group>"; };
		E25956CC1FBD64BD0012E624 /* TTNormalPickerItem.m */ = {isa = PBXFileReference; lastKnownFileType = sourcecode.c.objc; path = TTNormalPickerItem.m; sourceTree = "<group>"; };
		E26A28561FCD2D6C003CEC32 /* CoreImage.framework */ = {isa = PBXFileReference; lastKnownFileType = wrapper.framework; name = CoreImage.framework; path = System/Library/Frameworks/CoreImage.framework; sourceTree = SDKROOT; };
		E2851E3C1FD13ADF00494291 /* AlipaySDK.bundle */ = {isa = PBXFileReference; lastKnownFileType = "wrapper.plug-in"; path = AlipaySDK.bundle; sourceTree = "<group>"; };
		E2851E3D1FD13ADF00494291 /* AlipaySDK.framework */ = {isa = PBXFileReference; lastKnownFileType = wrapper.framework; path = AlipaySDK.framework; sourceTree = "<group>"; };
		E2851E3E1FD13ADF00494291 /* libcrypto.a */ = {isa = PBXFileReference; lastKnownFileType = archive.ar; path = libcrypto.a; sourceTree = "<group>"; };
		E2851E3F1FD13ADF00494291 /* libssl.a */ = {isa = PBXFileReference; lastKnownFileType = archive.ar; path = libssl.a; sourceTree = "<group>"; };
		E2851E401FD13AF800494291 /* libc++.tbd */ = {isa = PBXFileReference; lastKnownFileType = "sourcecode.text-based-dylib-definition"; name = "libc++.tbd"; path = "usr/lib/libc++.tbd"; sourceTree = SDKROOT; };
		E2851E421FD13AFF00494291 /* libz.tbd */ = {isa = PBXFileReference; lastKnownFileType = "sourcecode.text-based-dylib-definition"; name = libz.tbd; path = usr/lib/libz.tbd; sourceTree = SDKROOT; };
		E2851E441FD13B0500494291 /* SystemConfiguration.framework */ = {isa = PBXFileReference; lastKnownFileType = wrapper.framework; name = SystemConfiguration.framework; path = System/Library/Frameworks/SystemConfiguration.framework; sourceTree = SDKROOT; };
		E2851E461FD13B0C00494291 /* CoreTelephony.framework */ = {isa = PBXFileReference; lastKnownFileType = wrapper.framework; name = CoreTelephony.framework; path = System/Library/Frameworks/CoreTelephony.framework; sourceTree = SDKROOT; };
		E2851E481FD13B1700494291 /* QuartzCore.framework */ = {isa = PBXFileReference; lastKnownFileType = wrapper.framework; name = QuartzCore.framework; path = System/Library/Frameworks/QuartzCore.framework; sourceTree = SDKROOT; };
		E2851E4A1FD13B1E00494291 /* CoreText.framework */ = {isa = PBXFileReference; lastKnownFileType = wrapper.framework; name = CoreText.framework; path = System/Library/Frameworks/CoreText.framework; sourceTree = SDKROOT; };
		E2851E4C1FD13B2800494291 /* CoreGraphics.framework */ = {isa = PBXFileReference; lastKnownFileType = wrapper.framework; name = CoreGraphics.framework; path = System/Library/Frameworks/CoreGraphics.framework; sourceTree = SDKROOT; };
		E2851E4E1FD13B2F00494291 /* UIKit.framework */ = {isa = PBXFileReference; lastKnownFileType = wrapper.framework; name = UIKit.framework; path = System/Library/Frameworks/UIKit.framework; sourceTree = SDKROOT; };
		E2851E501FD13B3500494291 /* Foundation.framework */ = {isa = PBXFileReference; lastKnownFileType = wrapper.framework; name = Foundation.framework; path = System/Library/Frameworks/Foundation.framework; sourceTree = SDKROOT; };
		E2851E521FD13B3D00494291 /* CoreMotion.framework */ = {isa = PBXFileReference; lastKnownFileType = wrapper.framework; name = CoreMotion.framework; path = System/Library/Frameworks/CoreMotion.framework; sourceTree = SDKROOT; };
		E2851E541FD13B4600494291 /* CFNetwork.framework */ = {isa = PBXFileReference; lastKnownFileType = wrapper.framework; name = CFNetwork.framework; path = System/Library/Frameworks/CFNetwork.framework; sourceTree = SDKROOT; };
		E28720791FC5155D0001AD67 /* TTPointsHistoryObj.m */ = {isa = PBXFileReference; lastKnownFileType = sourcecode.c.objc; path = TTPointsHistoryObj.m; sourceTree = "<group>"; };
		E287207A1FC5155D0001AD67 /* TTPointsHistoryObj.h */ = {isa = PBXFileReference; lastKnownFileType = sourcecode.c.h; path = TTPointsHistoryObj.h; sourceTree = "<group>"; };
		E287207C1FC516BA0001AD67 /* TTNullDataTableViewCell.xib */ = {isa = PBXFileReference; lastKnownFileType = file.xib; path = TTNullDataTableViewCell.xib; sourceTree = "<group>"; };
		E287207D1FC516BA0001AD67 /* TTNullDataTableViewCell.h */ = {isa = PBXFileReference; lastKnownFileType = sourcecode.c.h; path = TTNullDataTableViewCell.h; sourceTree = "<group>"; };
		E287207E1FC516BA0001AD67 /* TTNullDataTableViewCell.m */ = {isa = PBXFileReference; lastKnownFileType = sourcecode.c.objc; path = TTNullDataTableViewCell.m; sourceTree = "<group>"; };
		E2A2AD831FB9316C00C0C098 /* PointsForShop.app */ = {isa = PBXFileReference; explicitFileType = wrapper.application; includeInIndex = 0; path = PointsForShop.app; sourceTree = BUILT_PRODUCTS_DIR; };
		E2A2AD861FB9316C00C0C098 /* AppDelegate.h */ = {isa = PBXFileReference; lastKnownFileType = sourcecode.c.h; path = AppDelegate.h; sourceTree = "<group>"; };
		E2A2AD871FB9316C00C0C098 /* AppDelegate.m */ = {isa = PBXFileReference; lastKnownFileType = sourcecode.c.objc; path = AppDelegate.m; sourceTree = "<group>"; };
		E2A2AD8F1FB9316C00C0C098 /* Assets.xcassets */ = {isa = PBXFileReference; lastKnownFileType = folder.assetcatalog; path = Assets.xcassets; sourceTree = "<group>"; };
		E2A2AD921FB9316C00C0C098 /* Base */ = {isa = PBXFileReference; lastKnownFileType = file.storyboard; name = Base; path = Base.lproj/LaunchScreen.storyboard; sourceTree = "<group>"; };
		E2A2AD941FB9316C00C0C098 /* Info.plist */ = {isa = PBXFileReference; lastKnownFileType = text.plist.xml; path = Info.plist; sourceTree = "<group>"; };
		E2A2AD951FB9316C00C0C098 /* main.m */ = {isa = PBXFileReference; lastKnownFileType = sourcecode.c.objc; path = main.m; sourceTree = "<group>"; };
		E2A2ADBA1FB932EC00C0C098 /* TTObject.h */ = {isa = PBXFileReference; lastKnownFileType = sourcecode.c.h; path = TTObject.h; sourceTree = "<group>"; };
		E2A2ADBB1FB932EC00C0C098 /* TTObject.m */ = {isa = PBXFileReference; lastKnownFileType = sourcecode.c.objc; path = TTObject.m; sourceTree = "<group>"; };
		E2A2ADCB1FB932EC00C0C098 /* TTLocationManager.h */ = {isa = PBXFileReference; lastKnownFileType = sourcecode.c.h; path = TTLocationManager.h; sourceTree = "<group>"; };
		E2A2ADCC1FB932EC00C0C098 /* TTLocationManager.m */ = {isa = PBXFileReference; lastKnownFileType = sourcecode.c.objc; path = TTLocationManager.m; sourceTree = "<group>"; };
		E2A2ADCD1FB932EC00C0C098 /* TTRequestOperationManager.h */ = {isa = PBXFileReference; lastKnownFileType = sourcecode.c.h; path = TTRequestOperationManager.h; sourceTree = "<group>"; };
		E2A2ADCE1FB932EC00C0C098 /* TTRequestOperationManager.m */ = {isa = PBXFileReference; lastKnownFileType = sourcecode.c.objc; path = TTRequestOperationManager.m; sourceTree = "<group>"; };
		E2A2ADCF1FB932EC00C0C098 /* TTUserInfoManager.h */ = {isa = PBXFileReference; lastKnownFileType = sourcecode.c.h; path = TTUserInfoManager.h; sourceTree = "<group>"; };
		E2A2ADD01FB932EC00C0C098 /* TTUserInfoManager.m */ = {isa = PBXFileReference; lastKnownFileType = sourcecode.c.objc; path = TTUserInfoManager.m; sourceTree = "<group>"; };
		E2A2ADD11FB932EC00C0C098 /* TTVenderHeader.h */ = {isa = PBXFileReference; lastKnownFileType = sourcecode.c.h; path = TTVenderHeader.h; sourceTree = "<group>"; };
		E2A2ADD41FB932ED00C0C098 /* ImageBrowserVC.h */ = {isa = PBXFileReference; lastKnownFileType = sourcecode.c.h; path = ImageBrowserVC.h; sourceTree = "<group>"; };
		E2A2ADD51FB932ED00C0C098 /* ImageBrowserVC.m */ = {isa = PBXFileReference; lastKnownFileType = sourcecode.c.objc; path = ImageBrowserVC.m; sourceTree = "<group>"; };
		E2A2ADD81FB932ED00C0C098 /* TTBaseNavigationViewController.h */ = {isa = PBXFileReference; lastKnownFileType = sourcecode.c.h; path = TTBaseNavigationViewController.h; sourceTree = "<group>"; };
		E2A2ADD91FB932ED00C0C098 /* TTBaseNavigationViewController.m */ = {isa = PBXFileReference; lastKnownFileType = sourcecode.c.objc; path = TTBaseNavigationViewController.m; sourceTree = "<group>"; };
		E2A2ADDA1FB932ED00C0C098 /* TTBaseViewController.h */ = {isa = PBXFileReference; lastKnownFileType = sourcecode.c.h; path = TTBaseViewController.h; sourceTree = "<group>"; };
		E2A2ADDB1FB932ED00C0C098 /* TTBaseViewController.m */ = {isa = PBXFileReference; lastKnownFileType = sourcecode.c.objc; path = TTBaseViewController.m; sourceTree = "<group>"; };
		E2A2AE0E1FB932ED00C0C098 /* GuideViewController.h */ = {isa = PBXFileReference; lastKnownFileType = sourcecode.c.h; path = GuideViewController.h; sourceTree = "<group>"; };
		E2A2AE0F1FB932ED00C0C098 /* GuideViewController.m */ = {isa = PBXFileReference; lastKnownFileType = sourcecode.c.objc; path = GuideViewController.m; sourceTree = "<group>"; };
		E2A2AE571FB932EE00C0C098 /* NSDate+MyDate.h */ = {isa = PBXFileReference; lastKnownFileType = sourcecode.c.h; path = "NSDate+MyDate.h"; sourceTree = "<group>"; };
		E2A2AE581FB932EE00C0C098 /* NSDate+MyDate.m */ = {isa = PBXFileReference; lastKnownFileType = sourcecode.c.objc; path = "NSDate+MyDate.m"; sourceTree = "<group>"; };
		E2A2AE591FB932EE00C0C098 /* NSString+MyCustomString.h */ = {isa = PBXFileReference; lastKnownFileType = sourcecode.c.h; path = "NSString+MyCustomString.h"; sourceTree = "<group>"; };
		E2A2AE5A1FB932EE00C0C098 /* NSString+MyCustomString.m */ = {isa = PBXFileReference; lastKnownFileType = sourcecode.c.objc; path = "NSString+MyCustomString.m"; sourceTree = "<group>"; };
		E2A2AE5B1FB932EE00C0C098 /* UIBarButtonItem+TTStyle.h */ = {isa = PBXFileReference; lastKnownFileType = sourcecode.c.h; path = "UIBarButtonItem+TTStyle.h"; sourceTree = "<group>"; };
		E2A2AE5C1FB932EE00C0C098 /* UIBarButtonItem+TTStyle.m */ = {isa = PBXFileReference; lastKnownFileType = sourcecode.c.objc; path = "UIBarButtonItem+TTStyle.m"; sourceTree = "<group>"; };
		E2A2AE5D1FB932EE00C0C098 /* UIColor+MyColor.h */ = {isa = PBXFileReference; lastKnownFileType = sourcecode.c.h; path = "UIColor+MyColor.h"; sourceTree = "<group>"; };
		E2A2AE5E1FB932EE00C0C098 /* UIColor+MyColor.m */ = {isa = PBXFileReference; lastKnownFileType = sourcecode.c.objc; path = "UIColor+MyColor.m"; sourceTree = "<group>"; };
		E2A2AE5F1FB932EE00C0C098 /* UIImage+MyCustomImage.h */ = {isa = PBXFileReference; lastKnownFileType = sourcecode.c.h; path = "UIImage+MyCustomImage.h"; sourceTree = "<group>"; };
		E2A2AE601FB932EE00C0C098 /* UIImage+MyCustomImage.m */ = {isa = PBXFileReference; lastKnownFileType = sourcecode.c.objc; path = "UIImage+MyCustomImage.m"; sourceTree = "<group>"; };
		E2A2AE611FB932EE00C0C098 /* UIViewController+MyViewController.h */ = {isa = PBXFileReference; lastKnownFileType = sourcecode.c.h; path = "UIViewController+MyViewController.h"; sourceTree = "<group>"; };
		E2A2AE621FB932EE00C0C098 /* UIViewController+MyViewController.m */ = {isa = PBXFileReference; lastKnownFileType = sourcecode.c.objc; path = "UIViewController+MyViewController.m"; sourceTree = "<group>"; };
		E2A2AF1C1FB9371E00C0C098 /* MainMenuViewController.h */ = {isa = PBXFileReference; lastKnownFileType = sourcecode.c.h; path = MainMenuViewController.h; sourceTree = "<group>"; };
		E2A2AF1D1FB9371E00C0C098 /* MainMenuViewController.m */ = {isa = PBXFileReference; lastKnownFileType = sourcecode.c.objc; path = MainMenuViewController.m; sourceTree = "<group>"; };
		E2A2AF1E1FB9371E00C0C098 /* MainMenuViewController.xib */ = {isa = PBXFileReference; lastKnownFileType = file.xib; path = MainMenuViewController.xib; sourceTree = "<group>"; };
		E2B80E1F1FD8CD4A000129AB /* PointsDesViewController.h */ = {isa = PBXFileReference; lastKnownFileType = sourcecode.c.h; path = PointsDesViewController.h; sourceTree = "<group>"; };
		E2B80E201FD8CD4A000129AB /* PointsDesViewController.m */ = {isa = PBXFileReference; lastKnownFileType = sourcecode.c.objc; path = PointsDesViewController.m; sourceTree = "<group>"; };
		E2B80E211FD8CD4A000129AB /* PointsDesViewController.xib */ = {isa = PBXFileReference; lastKnownFileType = file.xib; path = PointsDesViewController.xib; sourceTree = "<group>"; };
		E2D80B561FD638190002C9AF /* ShopInfoBaseViewController.h */ = {isa = PBXFileReference; lastKnownFileType = sourcecode.c.h; path = ShopInfoBaseViewController.h; sourceTree = "<group>"; };
		E2D80B571FD638190002C9AF /* ShopInfoBaseViewController.m */ = {isa = PBXFileReference; lastKnownFileType = sourcecode.c.objc; path = ShopInfoBaseViewController.m; sourceTree = "<group>"; };
		E2D80B581FD638190002C9AF /* ShopInfoBaseViewController.xib */ = {isa = PBXFileReference; lastKnownFileType = file.xib; path = ShopInfoBaseViewController.xib; sourceTree = "<group>"; };
		E2D80B591FD638190002C9AF /* ShopInfoMoreViewController.h */ = {isa = PBXFileReference; lastKnownFileType = sourcecode.c.h; path = ShopInfoMoreViewController.h; sourceTree = "<group>"; };
		E2D80B5A1FD638190002C9AF /* ShopInfoMoreViewController.m */ = {isa = PBXFileReference; lastKnownFileType = sourcecode.c.objc; path = ShopInfoMoreViewController.m; sourceTree = "<group>"; };
		E2D80B5B1FD638190002C9AF /* ShopInfoMoreViewController.xib */ = {isa = PBXFileReference; lastKnownFileType = file.xib; path = ShopInfoMoreViewController.xib; sourceTree = "<group>"; };
		E2D80B5C1FD638190002C9AF /* ShopInfoShenHeViewController.h */ = {isa = PBXFileReference; lastKnownFileType = sourcecode.c.h; path = ShopInfoShenHeViewController.h; sourceTree = "<group>"; };
		E2D80B5D1FD638190002C9AF /* ShopInfoShenHeViewController.m */ = {isa = PBXFileReference; lastKnownFileType = sourcecode.c.objc; path = ShopInfoShenHeViewController.m; sourceTree = "<group>"; };
		E2D80B5E1FD638190002C9AF /* ShopInfoShenHeViewController.xib */ = {isa = PBXFileReference; lastKnownFileType = file.xib; path = ShopInfoShenHeViewController.xib; sourceTree = "<group>"; };
		E2D80B5F1FD638190002C9AF /* ShopInfoViewController.h */ = {isa = PBXFileReference; lastKnownFileType = sourcecode.c.h; path = ShopInfoViewController.h; sourceTree = "<group>"; };
		E2D80B601FD638190002C9AF /* ShopInfoViewController.m */ = {isa = PBXFileReference; lastKnownFileType = sourcecode.c.objc; path = ShopInfoViewController.m; sourceTree = "<group>"; };
		E2D80B611FD638190002C9AF /* ShopInfoViewController.xib */ = {isa = PBXFileReference; lastKnownFileType = file.xib; path = ShopInfoViewController.xib; sourceTree = "<group>"; };
		E2D80B621FD638190002C9AF /* ShopStatusViewController.h */ = {isa = PBXFileReference; lastKnownFileType = sourcecode.c.h; path = ShopStatusViewController.h; sourceTree = "<group>"; };
		E2D80B631FD638190002C9AF /* ShopStatusViewController.m */ = {isa = PBXFileReference; lastKnownFileType = sourcecode.c.objc; path = ShopStatusViewController.m; sourceTree = "<group>"; };
		E2D80B641FD638190002C9AF /* ShopStatusViewController.xib */ = {isa = PBXFileReference; lastKnownFileType = file.xib; path = ShopStatusViewController.xib; sourceTree = "<group>"; };
		E2D80B661FD638190002C9AF /* DealViewController.h */ = {isa = PBXFileReference; lastKnownFileType = sourcecode.c.h; path = DealViewController.h; sourceTree = "<group>"; };
		E2D80B671FD638190002C9AF /* DealViewController.m */ = {isa = PBXFileReference; lastKnownFileType = sourcecode.c.objc; path = DealViewController.m; sourceTree = "<group>"; };
		E2D80B681FD638190002C9AF /* DealViewController.xib */ = {isa = PBXFileReference; lastKnownFileType = file.xib; path = DealViewController.xib; sourceTree = "<group>"; };
		E2D80B6F1FD638190002C9AF /* QRCodeImageShowViewController.h */ = {isa = PBXFileReference; lastKnownFileType = sourcecode.c.h; path = QRCodeImageShowViewController.h; sourceTree = "<group>"; };
		E2D80B701FD638190002C9AF /* QRCodeImageShowViewController.m */ = {isa = PBXFileReference; lastKnownFileType = sourcecode.c.objc; path = QRCodeImageShowViewController.m; sourceTree = "<group>"; };
		E2D80B711FD638190002C9AF /* QRCodeImageShowViewController.xib */ = {isa = PBXFileReference; lastKnownFileType = file.xib; path = QRCodeImageShowViewController.xib; sourceTree = "<group>"; };
		E2D80B721FD638190002C9AF /* RechargeHistoryViewController.h */ = {isa = PBXFileReference; lastKnownFileType = sourcecode.c.h; path = RechargeHistoryViewController.h; sourceTree = "<group>"; };
		E2D80B731FD638190002C9AF /* RechargeHistoryViewController.m */ = {isa = PBXFileReference; lastKnownFileType = sourcecode.c.objc; path = RechargeHistoryViewController.m; sourceTree = "<group>"; };
		E2D80B741FD638190002C9AF /* RechargeHistoryViewController.xib */ = {isa = PBXFileReference; lastKnownFileType = file.xib; path = RechargeHistoryViewController.xib; sourceTree = "<group>"; };
		E2D80B751FD638190002C9AF /* RechargeViewController.h */ = {isa = PBXFileReference; lastKnownFileType = sourcecode.c.h; path = RechargeViewController.h; sourceTree = "<group>"; };
		E2D80B761FD638190002C9AF /* RechargeViewController.m */ = {isa = PBXFileReference; lastKnownFileType = sourcecode.c.objc; path = RechargeViewController.m; sourceTree = "<group>"; };
		E2D80B771FD638190002C9AF /* RechargeViewController.xib */ = {isa = PBXFileReference; lastKnownFileType = file.xib; path = RechargeViewController.xib; sourceTree = "<group>"; };
		E2D80B781FD638190002C9AF /* TakeCashDesViewController.h */ = {isa = PBXFileReference; lastKnownFileType = sourcecode.c.h; path = TakeCashDesViewController.h; sourceTree = "<group>"; };
		E2D80B791FD638190002C9AF /* TakeCashDesViewController.m */ = {isa = PBXFileReference; lastKnownFileType = sourcecode.c.objc; path = TakeCashDesViewController.m; sourceTree = "<group>"; };
		E2D80B7A1FD638190002C9AF /* TakeCashDesViewController.xib */ = {isa = PBXFileReference; lastKnownFileType = file.xib; path = TakeCashDesViewController.xib; sourceTree = "<group>"; };
		E2D80B7B1FD638190002C9AF /* TakeCashHistoryViewController.h */ = {isa = PBXFileReference; lastKnownFileType = sourcecode.c.h; path = TakeCashHistoryViewController.h; sourceTree = "<group>"; };
		E2D80B7C1FD638190002C9AF /* TakeCashHistoryViewController.m */ = {isa = PBXFileReference; lastKnownFileType = sourcecode.c.objc; path = TakeCashHistoryViewController.m; sourceTree = "<group>"; };
		E2D80B7D1FD638190002C9AF /* TakeCashHistoryViewController.xib */ = {isa = PBXFileReference; lastKnownFileType = file.xib; path = TakeCashHistoryViewController.xib; sourceTree = "<group>"; };
		E2D80B7E1FD638190002C9AF /* TakeCashViewController.h */ = {isa = PBXFileReference; lastKnownFileType = sourcecode.c.h; path = TakeCashViewController.h; sourceTree = "<group>"; };
		E2D80B7F1FD638190002C9AF /* TakeCashViewController.m */ = {isa = PBXFileReference; lastKnownFileType = sourcecode.c.objc; path = TakeCashViewController.m; sourceTree = "<group>"; };
		E2D80B801FD638190002C9AF /* TakeCashViewController.xib */ = {isa = PBXFileReference; lastKnownFileType = file.xib; path = TakeCashViewController.xib; sourceTree = "<group>"; };
		E2D80B821FD638190002C9AF /* FndPassWordViewController.h */ = {isa = PBXFileReference; lastKnownFileType = sourcecode.c.h; path = FndPassWordViewController.h; sourceTree = "<group>"; };
		E2D80B831FD638190002C9AF /* FndPassWordViewController.m */ = {isa = PBXFileReference; lastKnownFileType = sourcecode.c.objc; path = FndPassWordViewController.m; sourceTree = "<group>"; };
		E2D80B841FD638190002C9AF /* FndPassWordViewController.xib */ = {isa = PBXFileReference; lastKnownFileType = file.xib; path = FndPassWordViewController.xib; sourceTree = "<group>"; };
		E2D80B851FD638190002C9AF /* LoginViewController.h */ = {isa = PBXFileReference; lastKnownFileType = sourcecode.c.h; path = LoginViewController.h; sourceTree = "<group>"; };
		E2D80B861FD638190002C9AF /* LoginViewController.m */ = {isa = PBXFileReference; lastKnownFileType = sourcecode.c.objc; path = LoginViewController.m; sourceTree = "<group>"; };
		E2D80B871FD638190002C9AF /* LoginViewController.xib */ = {isa = PBXFileReference; lastKnownFileType = file.xib; path = LoginViewController.xib; sourceTree = "<group>"; };
		E2D80B881FD638190002C9AF /* RegistViewController.h */ = {isa = PBXFileReference; lastKnownFileType = sourcecode.c.h; path = RegistViewController.h; sourceTree = "<group>"; };
		E2D80B891FD638190002C9AF /* RegistViewController.m */ = {isa = PBXFileReference; lastKnownFileType = sourcecode.c.objc; path = RegistViewController.m; sourceTree = "<group>"; };
		E2D80B8A1FD638190002C9AF /* RegistViewController.xib */ = {isa = PBXFileReference; lastKnownFileType = file.xib; path = RegistViewController.xib; sourceTree = "<group>"; };
		E2D80B8B1FD638190002C9AF /* SetLoginPasswordViewController.h */ = {isa = PBXFileReference; lastKnownFileType = sourcecode.c.h; path = SetLoginPasswordViewController.h; sourceTree = "<group>"; };
		E2D80B8C1FD638190002C9AF /* SetLoginPasswordViewController.m */ = {isa = PBXFileReference; lastKnownFileType = sourcecode.c.objc; path = SetLoginPasswordViewController.m; sourceTree = "<group>"; };
		E2D80B8D1FD638190002C9AF /* SetLoginPasswordViewController.xib */ = {isa = PBXFileReference; lastKnownFileType = file.xib; path = SetLoginPasswordViewController.xib; sourceTree = "<group>"; };
		E2D80B8E1FD638190002C9AF /* SetPayPasswordViewController.h */ = {isa = PBXFileReference; lastKnownFileType = sourcecode.c.h; path = SetPayPasswordViewController.h; sourceTree = "<group>"; };
		E2D80B8F1FD638190002C9AF /* SetPayPasswordViewController.m */ = {isa = PBXFileReference; lastKnownFileType = sourcecode.c.objc; path = SetPayPasswordViewController.m; sourceTree = "<group>"; };
		E2D80B901FD638190002C9AF /* SetPayPasswordViewController.xib */ = {isa = PBXFileReference; lastKnownFileType = file.xib; path = SetPayPasswordViewController.xib; sourceTree = "<group>"; };
		E2D80B911FD638190002C9AF /* SetTakeCashAccountViewController.h */ = {isa = PBXFileReference; lastKnownFileType = sourcecode.c.h; path = SetTakeCashAccountViewController.h; sourceTree = "<group>"; };
		E2D80B921FD638190002C9AF /* SetTakeCashAccountViewController.m */ = {isa = PBXFileReference; lastKnownFileType = sourcecode.c.objc; path = SetTakeCashAccountViewController.m; sourceTree = "<group>"; };
		E2D80B931FD638190002C9AF /* SetTakeCashAccountViewController.xib */ = {isa = PBXFileReference; lastKnownFileType = file.xib; path = SetTakeCashAccountViewController.xib; sourceTree = "<group>"; };
		E2D80B941FD638190002C9AF /* SettingViewController.h */ = {isa = PBXFileReference; lastKnownFileType = sourcecode.c.h; path = SettingViewController.h; sourceTree = "<group>"; };
		E2D80B951FD638190002C9AF /* SettingViewController.m */ = {isa = PBXFileReference; lastKnownFileType = sourcecode.c.objc; path = SettingViewController.m; sourceTree = "<group>"; };
		E2D80B961FD638190002C9AF /* SettingViewController.xib */ = {isa = PBXFileReference; lastKnownFileType = file.xib; path = SettingViewController.xib; sourceTree = "<group>"; };
		E2D8D5281FD92DD3006246FA /* FeedBackViewController.h */ = {isa = PBXFileReference; lastKnownFileType = sourcecode.c.h; path = FeedBackViewController.h; sourceTree = "<group>"; };
		E2D8D5291FD92DD3006246FA /* FeedBackViewController.m */ = {isa = PBXFileReference; lastKnownFileType = sourcecode.c.objc; path = FeedBackViewController.m; sourceTree = "<group>"; };
		E2D8D52A1FD92DD3006246FA /* FeedBackViewController.xib */ = {isa = PBXFileReference; lastKnownFileType = file.xib; path = FeedBackViewController.xib; sourceTree = "<group>"; };
		E2D8D52D1FD93268006246FA /* TTFAQObj.h */ = {isa = PBXFileReference; lastKnownFileType = sourcecode.c.h; path = TTFAQObj.h; sourceTree = "<group>"; };
		E2D8D52E1FD93268006246FA /* TTFAQObj.m */ = {isa = PBXFileReference; lastKnownFileType = sourcecode.c.objc; path = TTFAQObj.m; sourceTree = "<group>"; };
		E2D8D5301FD93301006246FA /* FAQIssueTableViewCell.h */ = {isa = PBXFileReference; lastKnownFileType = sourcecode.c.h; path = FAQIssueTableViewCell.h; sourceTree = "<group>"; };
		E2D8D5311FD93301006246FA /* FAQIssueTableViewCell.m */ = {isa = PBXFileReference; lastKnownFileType = sourcecode.c.objc; path = FAQIssueTableViewCell.m; sourceTree = "<group>"; };
		E2D8D5321FD93301006246FA /* FAQIssueTableViewCell.xib */ = {isa = PBXFileReference; lastKnownFileType = file.xib; path = FAQIssueTableViewCell.xib; sourceTree = "<group>"; };
		E2D8D5351FD93413006246FA /* FAQAnswerTableViewCell.h */ = {isa = PBXFileReference; lastKnownFileType = sourcecode.c.h; path = FAQAnswerTableViewCell.h; sourceTree = "<group>"; };
		E2D8D5361FD93413006246FA /* FAQAnswerTableViewCell.m */ = {isa = PBXFileReference; lastKnownFileType = sourcecode.c.objc; path = FAQAnswerTableViewCell.m; sourceTree = "<group>"; };
		E2D8D5371FD93413006246FA /* FAQAnswerTableViewCell.xib */ = {isa = PBXFileReference; lastKnownFileType = file.xib; path = FAQAnswerTableViewCell.xib; sourceTree = "<group>"; };
		E2D8D53A1FD93497006246FA /* FAQViewController.h */ = {isa = PBXFileReference; lastKnownFileType = sourcecode.c.h; path = FAQViewController.h; sourceTree = "<group>"; };
		E2D8D53B1FD93497006246FA /* FAQViewController.m */ = {isa = PBXFileReference; lastKnownFileType = sourcecode.c.objc; path = FAQViewController.m; sourceTree = "<group>"; };
		E2D8D53C1FD93497006246FA /* FAQViewController.xib */ = {isa = PBXFileReference; lastKnownFileType = file.xib; path = FAQViewController.xib; sourceTree = "<group>"; };
		E2DAC7CC1FBAD061006BEBC6 /* PointsForShop.entitlements */ = {isa = PBXFileReference; lastKnownFileType = text.plist.entitlements; path = PointsForShop.entitlements; sourceTree = "<group>"; };
		E2E9E32D1FB970EE00246122 /* UserHeaderCollectionReusableView.h */ = {isa = PBXFileReference; lastKnownFileType = sourcecode.c.h; path = UserHeaderCollectionReusableView.h; sourceTree = "<group>"; };
		E2E9E32E1FB970EE00246122 /* UserHeaderCollectionReusableView.m */ = {isa = PBXFileReference; lastKnownFileType = sourcecode.c.objc; path = UserHeaderCollectionReusableView.m; sourceTree = "<group>"; };
		E2E9E32F1FB970EE00246122 /* UserHeaderCollectionReusableView.xib */ = {isa = PBXFileReference; lastKnownFileType = file.xib; path = UserHeaderCollectionReusableView.xib; sourceTree = "<group>"; };
		E2E9E3321FB9726100246122 /* UserCenterCollectionViewCell.h */ = {isa = PBXFileReference; lastKnownFileType = sourcecode.c.h; path = UserCenterCollectionViewCell.h; sourceTree = "<group>"; };
		E2E9E3331FB9726100246122 /* UserCenterCollectionViewCell.m */ = {isa = PBXFileReference; lastKnownFileType = sourcecode.c.objc; path = UserCenterCollectionViewCell.m; sourceTree = "<group>"; };
		E2E9E3341FB9726100246122 /* UserCenterCollectionViewCell.xib */ = {isa = PBXFileReference; lastKnownFileType = file.xib; path = UserCenterCollectionViewCell.xib; sourceTree = "<group>"; };
		F0F5CD02013C6AC69856B8A5 /* Pods-PointsForShop.debug.xcconfig */ = {isa = PBXFileReference; includeInIndex = 1; lastKnownFileType = text.xcconfig; name = "Pods-PointsForShop.debug.xcconfig"; path = "Pods/Target Support Files/Pods-PointsForShop/Pods-PointsForShop.debug.xcconfig"; sourceTree = "<group>"; };
/* End PBXFileReference section */

/* Begin PBXFrameworksBuildPhase section */
		E2A2AD801FB9316C00C0C098 /* Frameworks */ = {
			isa = PBXFrameworksBuildPhase;
			buildActionMask = 2147483647;
			files = (
				E2851E561FD13B7C00494291 /* AlipaySDK.framework in Frameworks */,
				E2851E551FD13B4600494291 /* CFNetwork.framework in Frameworks */,
				E2851E531FD13B3D00494291 /* CoreMotion.framework in Frameworks */,
				E2851E511FD13B3500494291 /* Foundation.framework in Frameworks */,
				E2851E4F1FD13B2F00494291 /* UIKit.framework in Frameworks */,
				E2851E4D1FD13B2800494291 /* CoreGraphics.framework in Frameworks */,
				E2851E4B1FD13B1E00494291 /* CoreText.framework in Frameworks */,
				E2851E491FD13B1700494291 /* QuartzCore.framework in Frameworks */,
				E2851E471FD13B0C00494291 /* CoreTelephony.framework in Frameworks */,
				E2851E451FD13B0500494291 /* SystemConfiguration.framework in Frameworks */,
				E2851E431FD13AFF00494291 /* libz.tbd in Frameworks */,
				E2851E411FD13AF800494291 /* libc++.tbd in Frameworks */,
				E26A28571FCD2D6C003CEC32 /* CoreImage.framework in Frameworks */,
				288B54E620B9723A5A118ECE /* libPods-PointsForShop.a in Frameworks */,
			);
			runOnlyForDeploymentPostprocessing = 0;
		};
/* End PBXFrameworksBuildPhase section */

/* Begin PBXGroup section */
		43BD96401B8025C8D577B6BC /* Pods */ = {
			isa = PBXGroup;
			children = (
				F0F5CD02013C6AC69856B8A5 /* Pods-PointsForShop.debug.xcconfig */,
				053E69FA4ED3712E0BDE2C1D /* Pods-PointsForShop.release.xcconfig */,
			);
			name = Pods;
			sourceTree = "<group>";
		};
		C34040B61D0151C8EA69692A /* Frameworks */ = {
			isa = PBXGroup;
			children = (
				E2851E541FD13B4600494291 /* CFNetwork.framework */,
				E2851E521FD13B3D00494291 /* CoreMotion.framework */,
				E2851E501FD13B3500494291 /* Foundation.framework */,
				E2851E4E1FD13B2F00494291 /* UIKit.framework */,
				E2851E4C1FD13B2800494291 /* CoreGraphics.framework */,
				E2851E4A1FD13B1E00494291 /* CoreText.framework */,
				E2851E481FD13B1700494291 /* QuartzCore.framework */,
				E2851E461FD13B0C00494291 /* CoreTelephony.framework */,
				E2851E441FD13B0500494291 /* SystemConfiguration.framework */,
				E2851E421FD13AFF00494291 /* libz.tbd */,
				E2851E401FD13AF800494291 /* libc++.tbd */,
				E26A28561FCD2D6C003CEC32 /* CoreImage.framework */,
				704646A00B4617E58855A948 /* libPods-PointsForShop.a */,
			);
			name = Frameworks;
			sourceTree = "<group>";
		};
		E2851E3B1FD13ADF00494291 /* alipay */ = {
			isa = PBXGroup;
			children = (
				E2851E3C1FD13ADF00494291 /* AlipaySDK.bundle */,
				E2851E3D1FD13ADF00494291 /* AlipaySDK.framework */,
				E2851E3E1FD13ADF00494291 /* libcrypto.a */,
				E2851E3F1FD13ADF00494291 /* libssl.a */,
			);
			path = alipay;
			sourceTree = "<group>";
		};
		E2A2AD7A1FB9316C00C0C098 = {
			isa = PBXGroup;
			children = (
				E2A2ADCA1FB932EC00C0C098 /* vender */,
				E2A2AE561FB932EE00C0C098 /* category */,
				E2A2ADD21FB932ED00C0C098 /* controller */,
				E2A2AD9C1FB932EC00C0C098 /* model */,
				E2A2AE631FB932EE00C0C098 /* view */,
				E2A2AD851FB9316C00C0C098 /* PointsForShop */,
				E2A2AD841FB9316C00C0C098 /* Products */,
				43BD96401B8025C8D577B6BC /* Pods */,
				C34040B61D0151C8EA69692A /* Frameworks */,
			);
			sourceTree = "<group>";
		};
		E2A2AD841FB9316C00C0C098 /* Products */ = {
			isa = PBXGroup;
			children = (
				E2A2AD831FB9316C00C0C098 /* PointsForShop.app */,
			);
			name = Products;
			sourceTree = "<group>";
		};
		E2A2AD851FB9316C00C0C098 /* PointsForShop */ = {
			isa = PBXGroup;
			children = (
				E2DAC7CC1FBAD061006BEBC6 /* PointsForShop.entitlements */,
				E2A2AD861FB9316C00C0C098 /* AppDelegate.h */,
				E2A2AD871FB9316C00C0C098 /* AppDelegate.m */,
				E2A2AD8F1FB9316C00C0C098 /* Assets.xcassets */,
				E2A2AD911FB9316C00C0C098 /* LaunchScreen.storyboard */,
				E2A2AD941FB9316C00C0C098 /* Info.plist */,
				E2A2AD951FB9316C00C0C098 /* main.m */,
			);
			path = PointsForShop;
			sourceTree = "<group>";
		};
		E2A2AD9C1FB932EC00C0C098 /* model */ = {
			isa = PBXGroup;
			children = (
				E2A2ADBA1FB932EC00C0C098 /* TTObject.h */,
				E2A2ADBB1FB932EC00C0C098 /* TTObject.m */,
				E25956CB1FBD64BD0012E624 /* TTNormalPickerItem.h */,
				E25956CC1FBD64BD0012E624 /* TTNormalPickerItem.m */,
				E20267841FBFDF0B00970DEE /* TTDistrictObj.h */,
				E20267851FBFDF0B00970DEE /* TTDistrictObj.m */,
				E23952851FC4083700502FCC /* TTShopInfoObj.h */,
				E23952861FC4083700502FCC /* TTShopInfoObj.m */,
				E287207A1FC5155D0001AD67 /* TTPointsHistoryObj.h */,
				E28720791FC5155D0001AD67 /* TTPointsHistoryObj.m */,
				E235D27E1FD8C9CF000BFF76 /* TTOrderObj.h */,
				E235D27F1FD8C9CF000BFF76 /* TTOrderObj.m */,
				E2D8D52D1FD93268006246FA /* TTFAQObj.h */,
				E2D8D52E1FD93268006246FA /* TTFAQObj.m */,
			);
			path = model;
			sourceTree = "<group>";
		};
		E2A2ADCA1FB932EC00C0C098 /* vender */ = {
			isa = PBXGroup;
			children = (
				E2851E3B1FD13ADF00494291 /* alipay */,
				E2A2ADD11FB932EC00C0C098 /* TTVenderHeader.h */,
				E2A2ADCD1FB932EC00C0C098 /* TTRequestOperationManager.h */,
				E2A2ADCE1FB932EC00C0C098 /* TTRequestOperationManager.m */,
				E2A2ADCB1FB932EC00C0C098 /* TTLocationManager.h */,
				E2A2ADCC1FB932EC00C0C098 /* TTLocationManager.m */,
				E2A2ADCF1FB932EC00C0C098 /* TTUserInfoManager.h */,
				E2A2ADD01FB932EC00C0C098 /* TTUserInfoManager.m */,
			);
			path = vender;
			sourceTree = "<group>";
		};
		E2A2ADD21FB932ED00C0C098 /* controller */ = {
			isa = PBXGroup;
			children = (
				E2A2ADD31FB932ED00C0C098 /* main */,
				E2A2AE0D1FB932ED00C0C098 /* 引导页 */,
				E2D80B651FD638190002C9AF /* 充值提现交易 */,
				E2D80B551FD638190002C9AF /* 店铺信息 */,
				E2D80B541FD638180002C9AF /* 其他 */,
				E2D80B811FD638190002C9AF /* 用户和设置 */,
			);
			path = controller;
			sourceTree = "<group>";
		};
		E2A2ADD31FB932ED00C0C098 /* main */ = {
			isa = PBXGroup;
			children = (
				E2A2ADD81FB932ED00C0C098 /* TTBaseNavigationViewController.h */,
				E2A2ADD91FB932ED00C0C098 /* TTBaseNavigationViewController.m */,
				E2A2ADDA1FB932ED00C0C098 /* TTBaseViewController.h */,
				E2A2ADDB1FB932ED00C0C098 /* TTBaseViewController.m */,
				E2A2ADD41FB932ED00C0C098 /* ImageBrowserVC.h */,
				E2A2ADD51FB932ED00C0C098 /* ImageBrowserVC.m */,
				E2A2AF1C1FB9371E00C0C098 /* MainMenuViewController.h */,
				E2A2AF1D1FB9371E00C0C098 /* MainMenuViewController.m */,
				E2A2AF1E1FB9371E00C0C098 /* MainMenuViewController.xib */,
			);
			path = main;
			sourceTree = "<group>";
		};
		E2A2AE0D1FB932ED00C0C098 /* 引导页 */ = {
			isa = PBXGroup;
			children = (
				E2A2AE0E1FB932ED00C0C098 /* GuideViewController.h */,
				E2A2AE0F1FB932ED00C0C098 /* GuideViewController.m */,
			);
			path = "引导页";
			sourceTree = "<group>";
		};
		E2A2AE561FB932EE00C0C098 /* category */ = {
			isa = PBXGroup;
			children = (
				E2A2AE571FB932EE00C0C098 /* NSDate+MyDate.h */,
				E2A2AE581FB932EE00C0C098 /* NSDate+MyDate.m */,
				E2A2AE591FB932EE00C0C098 /* NSString+MyCustomString.h */,
				E2A2AE5A1FB932EE00C0C098 /* NSString+MyCustomString.m */,
				E2A2AE5B1FB932EE00C0C098 /* UIBarButtonItem+TTStyle.h */,
				E2A2AE5C1FB932EE00C0C098 /* UIBarButtonItem+TTStyle.m */,
				E2A2AE5D1FB932EE00C0C098 /* UIColor+MyColor.h */,
				E2A2AE5E1FB932EE00C0C098 /* UIColor+MyColor.m */,
				E2A2AE5F1FB932EE00C0C098 /* UIImage+MyCustomImage.h */,
				E2A2AE601FB932EE00C0C098 /* UIImage+MyCustomImage.m */,
				E2A2AE611FB932EE00C0C098 /* UIViewController+MyViewController.h */,
				E2A2AE621FB932EE00C0C098 /* UIViewController+MyViewController.m */,
			);
			path = category;
			sourceTree = "<group>";
		};
		E2A2AE631FB932EE00C0C098 /* view */ = {
			isa = PBXGroup;
			children = (
				E2E9E32D1FB970EE00246122 /* UserHeaderCollectionReusableView.h */,
				E2E9E32E1FB970EE00246122 /* UserHeaderCollectionReusableView.m */,
				E2E9E32F1FB970EE00246122 /* UserHeaderCollectionReusableView.xib */,
				E2E9E3321FB9726100246122 /* UserCenterCollectionViewCell.h */,
				E2E9E3331FB9726100246122 /* UserCenterCollectionViewCell.m */,
				E2E9E3341FB9726100246122 /* UserCenterCollectionViewCell.xib */,
				E25956C61FBD64530012E624 /* TTNormalPickerView.h */,
				E25956C51FBD64530012E624 /* TTNormalPickerView.m */,
				E20267821FBFDEFF00970DEE /* TTDistrictPickerView.h */,
				E20267811FBFDEFF00970DEE /* TTDistrictPickerView.m */,
				E239528D1FC4150600502FCC /* ResignKeyboardView.h */,
				E239528E1FC4150600502FCC /* ResignKeyboardView.m */,
				E287207D1FC516BA0001AD67 /* TTNullDataTableViewCell.h */,
				E287207E1FC516BA0001AD67 /* TTNullDataTableViewCell.m */,
				E287207C1FC516BA0001AD67 /* TTNullDataTableViewCell.xib */,
				E22E3B871FD4ECDE00ACA38A /* RechargeHistoryTableViewCell.h */,
				E22E3B881FD4ECDE00ACA38A /* RechargeHistoryTableViewCell.m */,
				E22E3B891FD4ECDE00ACA38A /* RechargeHistoryTableViewCell.xib */,
				E235D2811FD8CA02000BFF76 /* OrderTableViewCell.h */,
				E235D2821FD8CA02000BFF76 /* OrderTableViewCell.m */,
				E235D2831FD8CA02000BFF76 /* OrderTableViewCell.xib */,
				E2D8D5301FD93301006246FA /* FAQIssueTableViewCell.h */,
				E2D8D5311FD93301006246FA /* FAQIssueTableViewCell.m */,
				E2D8D5321FD93301006246FA /* FAQIssueTableViewCell.xib */,
				E2D8D5351FD93413006246FA /* FAQAnswerTableViewCell.h */,
				E2D8D5361FD93413006246FA /* FAQAnswerTableViewCell.m */,
				E2D8D5371FD93413006246FA /* FAQAnswerTableViewCell.xib */,
			);
			path = view;
			sourceTree = "<group>";
		};
		E2D80B541FD638180002C9AF /* 其他 */ = {
			isa = PBXGroup;
			children = (
			);
			path = "其他";
			sourceTree = "<group>";
		};
		E2D80B551FD638190002C9AF /* 店铺信息 */ = {
			isa = PBXGroup;
			children = (
				E2D80B5F1FD638190002C9AF /* ShopInfoViewController.h */,
				E2D80B601FD638190002C9AF /* ShopInfoViewController.m */,
				E2D80B611FD638190002C9AF /* ShopInfoViewController.xib */,
				E2D80B561FD638190002C9AF /* ShopInfoBaseViewController.h */,
				E2D80B571FD638190002C9AF /* ShopInfoBaseViewController.m */,
				E2D80B581FD638190002C9AF /* ShopInfoBaseViewController.xib */,
				E2D80B5C1FD638190002C9AF /* ShopInfoShenHeViewController.h */,
				E2D80B5D1FD638190002C9AF /* ShopInfoShenHeViewController.m */,
				E2D80B5E1FD638190002C9AF /* ShopInfoShenHeViewController.xib */,
				E2D80B591FD638190002C9AF /* ShopInfoMoreViewController.h */,
				E2D80B5A1FD638190002C9AF /* ShopInfoMoreViewController.m */,
				E2D80B5B1FD638190002C9AF /* ShopInfoMoreViewController.xib */,
				E2D80B621FD638190002C9AF /* ShopStatusViewController.h */,
				E2D80B631FD638190002C9AF /* ShopStatusViewController.m */,
				E2D80B641FD638190002C9AF /* ShopStatusViewController.xib */,
			);
			path = "店铺信息";
			sourceTree = "<group>";
		};
		E2D80B651FD638190002C9AF /* 充值提现交易 */ = {
			isa = PBXGroup;
			children = (
				E2D80B661FD638190002C9AF /* DealViewController.h */,
				E2D80B671FD638190002C9AF /* DealViewController.m */,
				E2D80B681FD638190002C9AF /* DealViewController.xib */,
				E235D2791FD8C86B000BFF76 /* OrderListViewController.h */,
				E235D27A1FD8C86B000BFF76 /* OrderListViewController.m */,
				E235D27B1FD8C86B000BFF76 /* OrderListViewController.xib */,
				E2B80E1F1FD8CD4A000129AB /* PointsDesViewController.h */,
				E2B80E201FD8CD4A000129AB /* PointsDesViewController.m */,
				E2B80E211FD8CD4A000129AB /* PointsDesViewController.xib */,
				E2D80B6F1FD638190002C9AF /* QRCodeImageShowViewController.h */,
				E2D80B701FD638190002C9AF /* QRCodeImageShowViewController.m */,
				E2D80B711FD638190002C9AF /* QRCodeImageShowViewController.xib */,
				E2D80B751FD638190002C9AF /* RechargeViewController.h */,
				E2D80B761FD638190002C9AF /* RechargeViewController.m */,
				E2D80B771FD638190002C9AF /* RechargeViewController.xib */,
				E2D80B721FD638190002C9AF /* RechargeHistoryViewController.h */,
				E2D80B731FD638190002C9AF /* RechargeHistoryViewController.m */,
				E2D80B741FD638190002C9AF /* RechargeHistoryViewController.xib */,
				E2D80B7E1FD638190002C9AF /* TakeCashViewController.h */,
				E2D80B7F1FD638190002C9AF /* TakeCashViewController.m */,
				E2D80B801FD638190002C9AF /* TakeCashViewController.xib */,
				E2D80B7B1FD638190002C9AF /* TakeCashHistoryViewController.h */,
				E2D80B7C1FD638190002C9AF /* TakeCashHistoryViewController.m */,
				E2D80B7D1FD638190002C9AF /* TakeCashHistoryViewController.xib */,
				E2D80B781FD638190002C9AF /* TakeCashDesViewController.h */,
				E2D80B791FD638190002C9AF /* TakeCashDesViewController.m */,
				E2D80B7A1FD638190002C9AF /* TakeCashDesViewController.xib */,
			);
			path = "充值提现交易";
			sourceTree = "<group>";
		};
		E2D80B811FD638190002C9AF /* 用户和设置 */ = {
			isa = PBXGroup;
			children = (
				E2D80B821FD638190002C9AF /* FndPassWordViewController.h */,
				E2D80B831FD638190002C9AF /* FndPassWordViewController.m */,
				E2D80B841FD638190002C9AF /* FndPassWordViewController.xib */,
				E2D80B851FD638190002C9AF /* LoginViewController.h */,
				E2D80B861FD638190002C9AF /* LoginViewController.m */,
				E2D80B871FD638190002C9AF /* LoginViewController.xib */,
				E2D80B881FD638190002C9AF /* RegistViewController.h */,
				E2D80B891FD638190002C9AF /* RegistViewController.m */,
				E2D80B8A1FD638190002C9AF /* RegistViewController.xib */,
				E2D80B8B1FD638190002C9AF /* SetLoginPasswordViewController.h */,
				E2D80B8C1FD638190002C9AF /* SetLoginPasswordViewController.m */,
				E2D80B8D1FD638190002C9AF /* SetLoginPasswordViewController.xib */,
				E2D80B8E1FD638190002C9AF /* SetPayPasswordViewController.h */,
				E2D80B8F1FD638190002C9AF /* SetPayPasswordViewController.m */,
				E2D80B901FD638190002C9AF /* SetPayPasswordViewController.xib */,
				E2D80B911FD638190002C9AF /* SetTakeCashAccountViewController.h */,
				E2D80B921FD638190002C9AF /* SetTakeCashAccountViewController.m */,
				E2D80B931FD638190002C9AF /* SetTakeCashAccountViewController.xib */,
				E2D80B941FD638190002C9AF /* SettingViewController.h */,
				E2D80B951FD638190002C9AF /* SettingViewController.m */,
				E2D80B961FD638190002C9AF /* SettingViewController.xib */,
				E235EFFB1FD69C96006EEADB /* AgreementViewController.h */,
				E235EFFC1FD69C96006EEADB /* AgreementViewController.m */,
				E235EFFD1FD69C96006EEADB /* AgreementViewController.xib */,
				E2D8D5281FD92DD3006246FA /* FeedBackViewController.h */,
				E2D8D5291FD92DD3006246FA /* FeedBackViewController.m */,
				E2D8D52A1FD92DD3006246FA /* FeedBackViewController.xib */,
				E2D8D53A1FD93497006246FA /* FAQViewController.h */,
				E2D8D53B1FD93497006246FA /* FAQViewController.m */,
				E2D8D53C1FD93497006246FA /* FAQViewController.xib */,
			);
			path = "用户和设置";
			sourceTree = "<group>";
		};
/* End PBXGroup section */

/* Begin PBXNativeTarget section */
		E2A2AD821FB9316C00C0C098 /* PointsForShop */ = {
			isa = PBXNativeTarget;
			buildConfigurationList = E2A2AD991FB9316C00C0C098 /* Build configuration list for PBXNativeTarget "PointsForShop" */;
			buildPhases = (
				1B1F40B6FF6819973C8AEA81 /* [CP] Check Pods Manifest.lock */,
				E2A2AD7F1FB9316C00C0C098 /* Sources */,
				E2A2AD801FB9316C00C0C098 /* Frameworks */,
				E2A2AD811FB9316C00C0C098 /* Resources */,
				915B6C09E6F6B8FDDD955A4F /* [CP] Embed Pods Frameworks */,
				68C2149EFCEAB538384856D3 /* [CP] Copy Pods Resources */,
			);
			buildRules = (
			);
			dependencies = (
			);
			name = PointsForShop;
			productName = PointsForShop;
			productReference = E2A2AD831FB9316C00C0C098 /* PointsForShop.app */;
			productType = "com.apple.product-type.application";
		};
/* End PBXNativeTarget section */

/* Begin PBXProject section */
		E2A2AD7B1FB9316C00C0C098 /* Project object */ = {
			isa = PBXProject;
			attributes = {
				LastUpgradeCheck = 0900;
				ORGANIZATIONNAME = Heizi;
				TargetAttributes = {
					E2A2AD821FB9316C00C0C098 = {
						CreatedOnToolsVersion = 9.0;
						ProvisioningStyle = Automatic;
						SystemCapabilities = {
							com.apple.Push = {
								enabled = 1;
							};
						};
					};
				};
			};
			buildConfigurationList = E2A2AD7E1FB9316C00C0C098 /* Build configuration list for PBXProject "PointsForShop" */;
			compatibilityVersion = "Xcode 8.0";
			developmentRegion = en;
			hasScannedForEncodings = 0;
			knownRegions = (
				en,
				Base,
			);
			mainGroup = E2A2AD7A1FB9316C00C0C098;
			productRefGroup = E2A2AD841FB9316C00C0C098 /* Products */;
			projectDirPath = "";
			projectRoot = "";
			targets = (
				E2A2AD821FB9316C00C0C098 /* PointsForShop */,
			);
		};
/* End PBXProject section */

/* Begin PBXResourcesBuildPhase section */
		E2A2AD811FB9316C00C0C098 /* Resources */ = {
			isa = PBXResourcesBuildPhase;
			buildActionMask = 2147483647;
			files = (
				E2D80B971FD6385D0002C9AF /* DealViewController.xib in Resources */,
				E2D80B9A1FD6385D0002C9AF /* QRCodeImageShowViewController.xib in Resources */,
				E2D8D52C1FD92DD3006246FA /* FeedBackViewController.xib in Resources */,
				E2D80B9B1FD6385D0002C9AF /* RechargeHistoryViewController.xib in Resources */,
				E2D80B9C1FD6385D0002C9AF /* RechargeViewController.xib in Resources */,
				E2D80B9D1FD6385D0002C9AF /* TakeCashDesViewController.xib in Resources */,
				E2D80B9E1FD6385D0002C9AF /* TakeCashHistoryViewController.xib in Resources */,
				E2D80B9F1FD6385D0002C9AF /* TakeCashViewController.xib in Resources */,
				E2D80BA01FD6385D0002C9AF /* ShopInfoBaseViewController.xib in Resources */,
				E2D80BA11FD6385D0002C9AF /* ShopInfoMoreViewController.xib in Resources */,
				E2D80BA21FD6385D0002C9AF /* ShopInfoShenHeViewController.xib in Resources */,
				E2D80BA31FD6385D0002C9AF /* ShopInfoViewController.xib in Resources */,
				E2D80BA41FD6385D0002C9AF /* ShopStatusViewController.xib in Resources */,
				E2D80BA51FD6385D0002C9AF /* FndPassWordViewController.xib in Resources */,
				E2D8D5341FD93301006246FA /* FAQIssueTableViewCell.xib in Resources */,
				E2D80BA61FD6385D0002C9AF /* LoginViewController.xib in Resources */,
				E235D2851FD8CA02000BFF76 /* OrderTableViewCell.xib in Resources */,
				E2D80BA71FD6385D0002C9AF /* RegistViewController.xib in Resources */,
				E2D8D5391FD93413006246FA /* FAQAnswerTableViewCell.xib in Resources */,
				E2D80BA81FD6385D0002C9AF /* SetLoginPasswordViewController.xib in Resources */,
				E2D80BA91FD6385D0002C9AF /* SetPayPasswordViewController.xib in Resources */,
				E2D80BAA1FD6385D0002C9AF /* SetTakeCashAccountViewController.xib in Resources */,
				E2D80BAB1FD6385D0002C9AF /* SettingViewController.xib in Resources */,
				E2D8D53E1FD93497006246FA /* FAQViewController.xib in Resources */,
				E28720801FC51E0D0001AD67 /* TTNullDataTableViewCell.xib in Resources */,
				E22E3B8B1FD4ECDE00ACA38A /* RechargeHistoryTableViewCell.xib in Resources */,
				E2A2AD931FB9316C00C0C098 /* LaunchScreen.storyboard in Resources */,
				E2A2AF201FB9371E00C0C098 /* MainMenuViewController.xib in Resources */,
				E2E9E3361FB9726100246122 /* UserCenterCollectionViewCell.xib in Resources */,
				E2A2AD901FB9316C00C0C098 /* Assets.xcassets in Resources */,
				E235D27D1FD8C86B000BFF76 /* OrderListViewController.xib in Resources */,
				E2E9E3311FB970EE00246122 /* UserHeaderCollectionReusableView.xib in Resources */,
				E2B80E231FD8CD4A000129AB /* PointsDesViewController.xib in Resources */,
				E235EFFF1FD69C97006EEADB /* AgreementViewController.xib in Resources */,
			);
			runOnlyForDeploymentPostprocessing = 0;
		};
/* End PBXResourcesBuildPhase section */

/* Begin PBXShellScriptBuildPhase section */
		1B1F40B6FF6819973C8AEA81 /* [CP] Check Pods Manifest.lock */ = {
			isa = PBXShellScriptBuildPhase;
			buildActionMask = 2147483647;
			files = (
			);
			inputPaths = (
			);
			name = "[CP] Check Pods Manifest.lock";
			outputPaths = (
			);
			runOnlyForDeploymentPostprocessing = 0;
			shellPath = /bin/sh;
			shellScript = "diff \"${PODS_PODFILE_DIR_PATH}/Podfile.lock\" \"${PODS_ROOT}/Manifest.lock\" > /dev/null\nif [ $? != 0 ] ; then\n    # print error to STDERR\n    echo \"error: The sandbox is not in sync with the Podfile.lock. Run 'pod install' or update your CocoaPods installation.\" >&2\n    exit 1\nfi\n";
			showEnvVarsInLog = 0;
		};
		68C2149EFCEAB538384856D3 /* [CP] Copy Pods Resources */ = {
			isa = PBXShellScriptBuildPhase;
			buildActionMask = 2147483647;
			files = (
			);
			inputPaths = (
			);
			name = "[CP] Copy Pods Resources";
			outputPaths = (
			);
			runOnlyForDeploymentPostprocessing = 0;
			shellPath = /bin/sh;
			shellScript = "\"${SRCROOT}/Pods/Target Support Files/Pods-PointsForShop/Pods-PointsForShop-resources.sh\"\n";
			showEnvVarsInLog = 0;
		};
		915B6C09E6F6B8FDDD955A4F /* [CP] Embed Pods Frameworks */ = {
			isa = PBXShellScriptBuildPhase;
			buildActionMask = 2147483647;
			files = (
			);
			inputPaths = (
			);
			name = "[CP] Embed Pods Frameworks";
			outputPaths = (
			);
			runOnlyForDeploymentPostprocessing = 0;
			shellPath = /bin/sh;
			shellScript = "\"${SRCROOT}/Pods/Target Support Files/Pods-PointsForShop/Pods-PointsForShop-frameworks.sh\"\n";
			showEnvVarsInLog = 0;
		};
/* End PBXShellScriptBuildPhase section */

/* Begin PBXSourcesBuildPhase section */
		E2A2AD7F1FB9316C00C0C098 /* Sources */ = {
			isa = PBXSourcesBuildPhase;
			buildActionMask = 2147483647;
			files = (
				E2D80BAC1FD638C50002C9AF /* DealViewController.m in Sources */,
				E235D2801FD8C9CF000BFF76 /* TTOrderObj.m in Sources */,
				E2D80BAF1FD638C50002C9AF /* QRCodeImageShowViewController.m in Sources */,
				E2D80BB01FD638C50002C9AF /* RechargeHistoryViewController.m in Sources */,
				E2D80BB11FD638C50002C9AF /* RechargeViewController.m in Sources */,
				E2D80BB21FD638C50002C9AF /* TakeCashDesViewController.m in Sources */,
				E2D80BB31FD638C50002C9AF /* TakeCashHistoryViewController.m in Sources */,
				E2D80BB41FD638C50002C9AF /* TakeCashViewController.m in Sources */,
				E2D80BB51FD638C50002C9AF /* ShopInfoBaseViewController.m in Sources */,
				E2D80BB61FD638C50002C9AF /* ShopInfoMoreViewController.m in Sources */,
				E2D80BB71FD638C50002C9AF /* ShopInfoShenHeViewController.m in Sources */,
				E2D80BB81FD638C50002C9AF /* ShopInfoViewController.m in Sources */,
				E2D80BB91FD638C50002C9AF /* ShopStatusViewController.m in Sources */,
				E2D80BBA1FD638C50002C9AF /* FndPassWordViewController.m in Sources */,
				E2D80BBB1FD638C50002C9AF /* LoginViewController.m in Sources */,
				E2D80BBC1FD638C50002C9AF /* RegistViewController.m in Sources */,
				E2D80BBD1FD638C50002C9AF /* SetLoginPasswordViewController.m in Sources */,
				E2D80BBE1FD638C50002C9AF /* SetPayPasswordViewController.m in Sources */,
				E2D80BBF1FD638C50002C9AF /* SetTakeCashAccountViewController.m in Sources */,
				E2D80BC01FD638C60002C9AF /* SettingViewController.m in Sources */,
				E25956C71FBD64530012E624 /* TTNormalPickerView.m in Sources */,
				E235EFFE1FD69C96006EEADB /* AgreementViewController.m in Sources */,
				E2D8D5381FD93413006246FA /* FAQAnswerTableViewCell.m in Sources */,
				E20267831FBFDEFF00970DEE /* TTDistrictPickerView.m in Sources */,
				E235D2841FD8CA02000BFF76 /* OrderTableViewCell.m in Sources */,
				E2A2AEB51FB9340100C0C098 /* TTLocationManager.m in Sources */,
				E22E3B8A1FD4ECDE00ACA38A /* RechargeHistoryTableViewCell.m in Sources */,
				E25956CD1FBD64BD0012E624 /* TTNormalPickerItem.m in Sources */,
				E287207B1FC5155D0001AD67 /* TTPointsHistoryObj.m in Sources */,
				E2A2AEB61FB9340100C0C098 /* TTRequestOperationManager.m in Sources */,
				E2A2AEB71FB9340100C0C098 /* TTUserInfoManager.m in Sources */,
				E2A2AEB81FB9340100C0C098 /* NSDate+MyDate.m in Sources */,
				E23952871FC4083700502FCC /* TTShopInfoObj.m in Sources */,
				E2D8D5331FD93301006246FA /* FAQIssueTableViewCell.m in Sources */,
				E2A2AEB91FB9340100C0C098 /* NSString+MyCustomString.m in Sources */,
				E2A2AEBA1FB9340100C0C098 /* UIBarButtonItem+TTStyle.m in Sources */,
				E2D8D52F1FD93268006246FA /* TTFAQObj.m in Sources */,
				E2A2AEBB1FB9340100C0C098 /* UIColor+MyColor.m in Sources */,
				E2A2AEBC1FB9340100C0C098 /* UIImage+MyCustomImage.m in Sources */,
				E2A2AEBD1FB9340100C0C098 /* UIViewController+MyViewController.m in Sources */,
				E2D8D53D1FD93497006246FA /* FAQViewController.m in Sources */,
				E2A2AEBE1FB9340100C0C098 /* ImageBrowserVC.m in Sources */,
				E2A2AEC01FB9340100C0C098 /* TTBaseNavigationViewController.m in Sources */,
				E2A2AEC11FB9340100C0C098 /* TTBaseViewController.m in Sources */,
				E2B80E221FD8CD4A000129AB /* PointsDesViewController.m in Sources */,
				E235D27C1FD8C86B000BFF76 /* OrderListViewController.m in Sources */,
				E2A2AED11FB9340100C0C098 /* GuideViewController.m in Sources */,
				E287207F1FC516BB0001AD67 /* TTNullDataTableViewCell.m in Sources */,
				E239528F1FC4150600502FCC /* ResignKeyboardView.m in Sources */,
				E2E9E3351FB9726100246122 /* UserCenterCollectionViewCell.m in Sources */,
				E2A2AF1F1FB9371E00C0C098 /* MainMenuViewController.m in Sources */,
				E20267861FBFDF0C00970DEE /* TTDistrictObj.m in Sources */,
				E2E9E3301FB970EE00246122 /* UserHeaderCollectionReusableView.m in Sources */,
				E2A2AEF71FB9340100C0C098 /* TTObject.m in Sources */,
				E2A2AD961FB9316C00C0C098 /* main.m in Sources */,
				E2A2AD881FB9316C00C0C098 /* AppDelegate.m in Sources */,
				E2D8D52B1FD92DD3006246FA /* FeedBackViewController.m in Sources */,
			);
			runOnlyForDeploymentPostprocessing = 0;
		};
/* End PBXSourcesBuildPhase section */

/* Begin PBXVariantGroup section */
		E2A2AD911FB9316C00C0C098 /* LaunchScreen.storyboard */ = {
			isa = PBXVariantGroup;
			children = (
				E2A2AD921FB9316C00C0C098 /* Base */,
			);
			name = LaunchScreen.storyboard;
			sourceTree = "<group>";
		};
/* End PBXVariantGroup section */

/* Begin XCBuildConfiguration section */
		E2A2AD971FB9316C00C0C098 /* Debug */ = {
			isa = XCBuildConfiguration;
			buildSettings = {
				ALWAYS_SEARCH_USER_PATHS = NO;
				CLANG_ANALYZER_NONNULL = YES;
				CLANG_ANALYZER_NUMBER_OBJECT_CONVERSION = YES_AGGRESSIVE;
				CLANG_CXX_LANGUAGE_STANDARD = "gnu++14";
				CLANG_CXX_LIBRARY = "libc++";
				CLANG_ENABLE_MODULES = YES;
				CLANG_ENABLE_OBJC_ARC = YES;
				CLANG_WARN_BLOCK_CAPTURE_AUTORELEASING = YES;
				CLANG_WARN_BOOL_CONVERSION = YES;
				CLANG_WARN_COMMA = YES;
				CLANG_WARN_CONSTANT_CONVERSION = YES;
				CLANG_WARN_DIRECT_OBJC_ISA_USAGE = YES_ERROR;
				CLANG_WARN_DOCUMENTATION_COMMENTS = YES;
				CLANG_WARN_EMPTY_BODY = YES;
				CLANG_WARN_ENUM_CONVERSION = YES;
				CLANG_WARN_INFINITE_RECURSION = YES;
				CLANG_WARN_INT_CONVERSION = YES;
				CLANG_WARN_NON_LITERAL_NULL_CONVERSION = YES;
				CLANG_WARN_OBJC_LITERAL_CONVERSION = YES;
				CLANG_WARN_OBJC_ROOT_CLASS = YES_ERROR;
				CLANG_WARN_RANGE_LOOP_ANALYSIS = YES;
				CLANG_WARN_STRICT_PROTOTYPES = YES;
				CLANG_WARN_SUSPICIOUS_MOVE = YES;
				CLANG_WARN_UNGUARDED_AVAILABILITY = YES_AGGRESSIVE;
				CLANG_WARN_UNREACHABLE_CODE = YES;
				CLANG_WARN__DUPLICATE_METHOD_MATCH = YES;
				CODE_SIGN_IDENTITY = "iPhone Developer";
				COPY_PHASE_STRIP = NO;
				DEBUG_INFORMATION_FORMAT = dwarf;
				ENABLE_STRICT_OBJC_MSGSEND = YES;
				ENABLE_TESTABILITY = YES;
				GCC_C_LANGUAGE_STANDARD = gnu11;
				GCC_DYNAMIC_NO_PIC = NO;
				GCC_NO_COMMON_BLOCKS = YES;
				GCC_OPTIMIZATION_LEVEL = 0;
				GCC_PREPROCESSOR_DEFINITIONS = (
					"DEBUG=1",
					"$(inherited)",
				);
				GCC_WARN_64_TO_32_BIT_CONVERSION = YES;
				GCC_WARN_ABOUT_RETURN_TYPE = YES_ERROR;
				GCC_WARN_UNDECLARED_SELECTOR = YES;
				GCC_WARN_UNINITIALIZED_AUTOS = YES_AGGRESSIVE;
				GCC_WARN_UNUSED_FUNCTION = YES;
				GCC_WARN_UNUSED_VARIABLE = YES;
				IPHONEOS_DEPLOYMENT_TARGET = 11.0;
				MTL_ENABLE_DEBUG_INFO = YES;
				ONLY_ACTIVE_ARCH = YES;
				SDKROOT = iphoneos;
			};
			name = Debug;
		};
		E2A2AD981FB9316C00C0C098 /* Release */ = {
			isa = XCBuildConfiguration;
			buildSettings = {
				ALWAYS_SEARCH_USER_PATHS = NO;
				CLANG_ANALYZER_NONNULL = YES;
				CLANG_ANALYZER_NUMBER_OBJECT_CONVERSION = YES_AGGRESSIVE;
				CLANG_CXX_LANGUAGE_STANDARD = "gnu++14";
				CLANG_CXX_LIBRARY = "libc++";
				CLANG_ENABLE_MODULES = YES;
				CLANG_ENABLE_OBJC_ARC = YES;
				CLANG_WARN_BLOCK_CAPTURE_AUTORELEASING = YES;
				CLANG_WARN_BOOL_CONVERSION = YES;
				CLANG_WARN_COMMA = YES;
				CLANG_WARN_CONSTANT_CONVERSION = YES;
				CLANG_WARN_DIRECT_OBJC_ISA_USAGE = YES_ERROR;
				CLANG_WARN_DOCUMENTATION_COMMENTS = YES;
				CLANG_WARN_EMPTY_BODY = YES;
				CLANG_WARN_ENUM_CONVERSION = YES;
				CLANG_WARN_INFINITE_RECURSION = YES;
				CLANG_WARN_INT_CONVERSION = YES;
				CLANG_WARN_NON_LITERAL_NULL_CONVERSION = YES;
				CLANG_WARN_OBJC_LITERAL_CONVERSION = YES;
				CLANG_WARN_OBJC_ROOT_CLASS = YES_ERROR;
				CLANG_WARN_RANGE_LOOP_ANALYSIS = YES;
				CLANG_WARN_STRICT_PROTOTYPES = YES;
				CLANG_WARN_SUSPICIOUS_MOVE = YES;
				CLANG_WARN_UNGUARDED_AVAILABILITY = YES_AGGRESSIVE;
				CLANG_WARN_UNREACHABLE_CODE = YES;
				CLANG_WARN__DUPLICATE_METHOD_MATCH = YES;
				CODE_SIGN_IDENTITY = "iPhone Developer";
				COPY_PHASE_STRIP = NO;
				DEBUG_INFORMATION_FORMAT = "dwarf-with-dsym";
				ENABLE_NS_ASSERTIONS = NO;
				ENABLE_STRICT_OBJC_MSGSEND = YES;
				GCC_C_LANGUAGE_STANDARD = gnu11;
				GCC_NO_COMMON_BLOCKS = YES;
				GCC_WARN_64_TO_32_BIT_CONVERSION = YES;
				GCC_WARN_ABOUT_RETURN_TYPE = YES_ERROR;
				GCC_WARN_UNDECLARED_SELECTOR = YES;
				GCC_WARN_UNINITIALIZED_AUTOS = YES_AGGRESSIVE;
				GCC_WARN_UNUSED_FUNCTION = YES;
				GCC_WARN_UNUSED_VARIABLE = YES;
				IPHONEOS_DEPLOYMENT_TARGET = 11.0;
				MTL_ENABLE_DEBUG_INFO = NO;
				SDKROOT = iphoneos;
				VALIDATE_PRODUCT = YES;
			};
			name = Release;
		};
		E2A2AD9A1FB9316C00C0C098 /* Debug */ = {
			isa = XCBuildConfiguration;
			baseConfigurationReference = F0F5CD02013C6AC69856B8A5 /* Pods-PointsForShop.debug.xcconfig */;
			buildSettings = {
				ASSETCATALOG_COMPILER_APPICON_NAME = AppIcon;
				CODE_SIGN_ENTITLEMENTS = PointsForShop/PointsForShop.entitlements;
				CODE_SIGN_STYLE = Automatic;
				DEVELOPMENT_TEAM = 2D9E8Y6VW3;
				ENABLE_BITCODE = NO;
				FRAMEWORK_SEARCH_PATHS = (
					"$(inherited)",
					"$(PROJECT_DIR)/vender/alipay",
				);
				INFOPLIST_FILE = PointsForShop/Info.plist;
				IPHONEOS_DEPLOYMENT_TARGET = 8.0;
				LD_RUNPATH_SEARCH_PATHS = "$(inherited) @executable_path/Frameworks";
				PRODUCT_BUNDLE_IDENTIFIER = com.heizi.pointsform;
				PRODUCT_NAME = "$(TARGET_NAME)";
				TARGETED_DEVICE_FAMILY = "1,2";
			};
			name = Debug;
		};
		E2A2AD9B1FB9316C00C0C098 /* Release */ = {
			isa = XCBuildConfiguration;
			baseConfigurationReference = 053E69FA4ED3712E0BDE2C1D /* Pods-PointsForShop.release.xcconfig */;
			buildSettings = {
				ASSETCATALOG_COMPILER_APPICON_NAME = AppIcon;
				CODE_SIGN_ENTITLEMENTS = PointsForShop/PointsForShop.entitlements;
				CODE_SIGN_STYLE = Automatic;
				DEVELOPMENT_TEAM = 2D9E8Y6VW3;
				ENABLE_BITCODE = NO;
				FRAMEWORK_SEARCH_PATHS = (
					"$(inherited)",
					"$(PROJECT_DIR)/vender/alipay",
				);
				INFOPLIST_FILE = PointsForShop/Info.plist;
				IPHONEOS_DEPLOYMENT_TARGET = 8.0;
				LD_RUNPATH_SEARCH_PATHS = "$(inherited) @executable_path/Frameworks";
				PRODUCT_BUNDLE_IDENTIFIER = com.heizi.pointsform;
				PRODUCT_NAME = "$(TARGET_NAME)";
				TARGETED_DEVICE_FAMILY = "1,2";
			};
			name = Release;
		};
/* End XCBuildConfiguration section */

/* Begin XCConfigurationList section */
		E2A2AD7E1FB9316C00C0C098 /* Build configuration list for PBXProject "PointsForShop" */ = {
			isa = XCConfigurationList;
			buildConfigurations = (
				E2A2AD971FB9316C00C0C098 /* Debug */,
				E2A2AD981FB9316C00C0C098 /* Release */,
			);
			defaultConfigurationIsVisible = 0;
			defaultConfigurationName = Release;
		};
		E2A2AD991FB9316C00C0C098 /* Build configuration list for PBXNativeTarget "PointsForShop" */ = {
			isa = XCConfigurationList;
			buildConfigurations = (
				E2A2AD9A1FB9316C00C0C098 /* Debug */,
				E2A2AD9B1FB9316C00C0C098 /* Release */,
			);
			defaultConfigurationIsVisible = 0;
			defaultConfigurationName = Release;
		};
/* End XCConfigurationList section */
	};
	rootObject = E2A2AD7B1FB9316C00C0C098 /* Project object */;
}
